{
    "version": 3,
    "terraform_version": "0.12.31",
    "serial": 1,
    "lineage": "27afe624-75fc-71b0-31a8-baecdceef531",
    "modules": [
        {
            "path": [
                "root"
            ],
            "outputs": {
                "aws_iam_access_key--AKIATCKAQ2JZAVWOF5EH_id": {
                    "sensitive": false,
                    "type": "string",
                    "value": "AKIATCKAQ2JZAVWOF5EH"
                },
                "aws_iam_access_key--AKIATCKAQ2JZEUKGNW6M_id": {
                    "sensitive": false,
                    "type": "string",
                    "value": "AKIATCKAQ2JZEUKGNW6M"
                },
                "aws_iam_access_key--AKIATCKAQ2JZHBLK56JQ_id": {
                    "sensitive": false,
                    "type": "string",
                    "value": "AKIATCKAQ2JZHBLK56JQ"
                },
                "aws_iam_access_key--AKIATCKAQ2JZK5SXICS6_id": {
                    "sensitive": false,
                    "type": "string",
                    "value": "AKIATCKAQ2JZK5SXICS6"
                },
                "aws_iam_access_key--AKIATCKAQ2JZOZCRAEJW_id": {
                    "sensitive": false,
                    "type": "string",
                    "value": "AKIATCKAQ2JZOZCRAEJW"
                },
                "aws_iam_group_policy_attachment--devops_AdministratorAccess_id": {
                    "sensitive": false,
                    "type": "string",
                    "value": "devops/arn:aws:iam::aws:policy/AdministratorAccess"
                },
                "aws_iam_group_policy_attachment--devops_AmazonAPIGatewayAdministrator_id": {
                    "sensitive": false,
                    "type": "string",
                    "value": "devops/arn:aws:iam::aws:policy/AmazonAPIGatewayAdministrator"
                },
                "aws_iam_group_policy--ugdas-s3-group_ugdas-s3-bucket-manager-policy_id": {
                    "sensitive": false,
                    "type": "string",
                    "value": "ugdas-s3-group:ugdas-s3-bucket-manager-policy"
                },
                "aws_iam_group--devops_id": {
                    "sensitive": false,
                    "type": "string",
                    "value": "devops"
                },
                "aws_iam_group--ugdas-s3-group_id": {
                    "sensitive": false,
                    "type": "string",
                    "value": "ugdas-s3-group"
                },
                "aws_iam_instance_profile--aws-elasticbeanstalk-ec2-role_id": {
                    "sensitive": false,
                    "type": "string",
                    "value": "aws-elasticbeanstalk-ec2-role"
                },
                "aws_iam_instance_profile--beanstalk-profile_id": {
                    "sensitive": false,
                    "type": "string",
                    "value": "beanstalk-profile"
                },
                "aws_iam_instance_profile--ecsInstanceRole_id": {
                    "sensitive": false,
                    "type": "string",
                    "value": "ecsInstanceRole"
                },
                "aws_iam_instance_profile--ugdas-beanstalk-instance-profile_id": {
                    "sensitive": false,
                    "type": "string",
                    "value": "ugdas-beanstalk-instance-profile"
                },
                "aws_iam_instance_profile--ugdas-environment-eb-ec2_id": {
                    "sensitive": false,
                    "type": "string",
                    "value": "ugdas-environment-eb-ec2"
                },
                "aws_iam_instance_profile--ugdas-instance-profile_id": {
                    "sensitive": false,
                    "type": "string",
                    "value": "ugdas-instance-profile"
                },
                "aws_iam_policy--api-ecr_id": {
                    "sensitive": false,
                    "type": "string",
                    "value": "arn:aws:iam::211125588594:policy/api-ecr"
                },
                "aws_iam_policy--ecr-policy_id": {
                    "sensitive": false,
                    "type": "string",
                    "value": "arn:aws:iam::211125588594:policy/ecr-policy"
                },
                "aws_iam_policy--gitlab-ci-policy_id": {
                    "sensitive": false,
                    "type": "string",
                    "value": "arn:aws:iam::211125588594:policy/gitlab-ci-policy"
                },
                "aws_iam_policy--s3_react_policy_id": {
                    "sensitive": false,
                    "type": "string",
                    "value": "arn:aws:iam::211125588594:policy/s3_react_policy"
                },
                "aws_iam_policy--s3_vue_policy_id": {
                    "sensitive": false,
                    "type": "string",
                    "value": "arn:aws:iam::211125588594:policy/s3_vue_policy"
                },
                "aws_iam_role_policy_attachment--AWSServiceRoleForAutoScaling_AutoScalingServiceRolePolicy_id": {
                    "sensitive": false,
                    "type": "string",
                    "value": "AWSServiceRoleForAutoScaling/arn:aws:iam::aws:policy/aws-service-role/AutoScalingServiceRolePolicy"
                },
                "aws_iam_role_policy_attachment--AWSServiceRoleForECS_AmazonECSServiceRolePolicy_id": {
                    "sensitive": false,
                    "type": "string",
                    "value": "AWSServiceRoleForECS/arn:aws:iam::aws:policy/aws-service-role/AmazonECSServiceRolePolicy"
                },
                "aws_iam_role_policy_attachment--AWSServiceRoleForEc2InstanceConnect_Ec2InstanceConnectEndpoint_id": {
                    "sensitive": false,
                    "type": "string",
                    "value": "AWSServiceRoleForEc2InstanceConnect/arn:aws:iam::aws:policy/aws-service-role/Ec2InstanceConnectEndpoint"
                },
                "aws_iam_role_policy_attachment--AWSServiceRoleForElastiCache_ElastiCacheServiceRolePolicy_id": {
                    "sensitive": false,
                    "type": "string",
                    "value": "AWSServiceRoleForElastiCache/arn:aws:iam::aws:policy/aws-service-role/ElastiCacheServiceRolePolicy"
                },
                "aws_iam_role_policy_attachment--AWSServiceRoleForElasticBeanstalk_AWSElasticBeanstalkServiceRolePolicy_id": {
                    "sensitive": false,
                    "type": "string",
                    "value": "AWSServiceRoleForElasticBeanstalk/arn:aws:iam::aws:policy/aws-service-role/AWSElasticBeanstalkServiceRolePolicy"
                },
                "aws_iam_role_policy_attachment--AWSServiceRoleForElasticLoadBalancing_AWSElasticLoadBalancingServiceRolePolicy_id": {
                    "sensitive": false,
                    "type": "string",
                    "value": "AWSServiceRoleForElasticLoadBalancing/arn:aws:iam::aws:policy/aws-service-role/AWSElasticLoadBalancingServiceRolePolicy"
                },
                "aws_iam_role_policy_attachment--AWSServiceRoleForGlobalAccelerator_AWSGlobalAcceleratorSLRPolicy_id": {
                    "sensitive": false,
                    "type": "string",
                    "value": "AWSServiceRoleForGlobalAccelerator/arn:aws:iam::aws:policy/aws-service-role/AWSGlobalAcceleratorSLRPolicy"
                },
                "aws_iam_role_policy_attachment--AWSServiceRoleForRDS_AmazonRDSServiceRolePolicy_id": {
                    "sensitive": false,
                    "type": "string",
                    "value": "AWSServiceRoleForRDS/arn:aws:iam::aws:policy/aws-service-role/AmazonRDSServiceRolePolicy"
                },
                "aws_iam_role_policy_attachment--AWSServiceRoleForSupport_AWSSupportServiceRolePolicy_id": {
                    "sensitive": false,
                    "type": "string",
                    "value": "AWSServiceRoleForSupport/arn:aws:iam::aws:policy/aws-service-role/AWSSupportServiceRolePolicy"
                },
                "aws_iam_role_policy_attachment--AWSServiceRoleForTrustedAdvisor_AWSTrustedAdvisorServiceRolePolicy_id": {
                    "sensitive": false,
                    "type": "string",
                    "value": "AWSServiceRoleForTrustedAdvisor/arn:aws:iam::aws:policy/aws-service-role/AWSTrustedAdvisorServiceRolePolicy"
                },
                "aws_iam_role_policy_attachment--api_registry_role_AmazonEC2ContainerRegistryPowerUser_id": {
                    "sensitive": false,
                    "type": "string",
                    "value": "api_registry_role/arn:aws:iam::aws:policy/AmazonEC2ContainerRegistryPowerUser"
                },
                "aws_iam_role_policy_attachment--aws-elasticbeanstalk-ec2-role_AWSElasticBeanstalkMulticontainerDocker_id": {
                    "sensitive": false,
                    "type": "string",
                    "value": "aws-elasticbeanstalk-ec2-role/arn:aws:iam::aws:policy/AWSElasticBeanstalkMulticontainerDocker"
                },
                "aws_iam_role_policy_attachment--aws-elasticbeanstalk-ec2-role_AWSElasticBeanstalkWebTier_id": {
                    "sensitive": false,
                    "type": "string",
                    "value": "aws-elasticbeanstalk-ec2-role/arn:aws:iam::aws:policy/AWSElasticBeanstalkWebTier"
                },
                "aws_iam_role_policy_attachment--aws-elasticbeanstalk-ec2-role_AWSElasticBeanstalkWorkerTier_id": {
                    "sensitive": false,
                    "type": "string",
                    "value": "aws-elasticbeanstalk-ec2-role/arn:aws:iam::aws:policy/AWSElasticBeanstalkWorkerTier"
                },
                "aws_iam_role_policy_attachment--aws-elasticbeanstalk-ec2-role_AmazonEC2ContainerRegistryReadOnly_id": {
                    "sensitive": false,
                    "type": "string",
                    "value": "aws-elasticbeanstalk-ec2-role/arn:aws:iam::aws:policy/AmazonEC2ContainerRegistryReadOnly"
                },
                "aws_iam_role_policy_attachment--aws-elasticbeanstalk-service-role_AWSElasticBeanstalkEnhancedHealth_id": {
                    "sensitive": false,
                    "type": "string",
                    "value": "aws-elasticbeanstalk-service-role/arn:aws:iam::aws:policy/service-role/AWSElasticBeanstalkEnhancedHealth"
                },
                "aws_iam_role_policy_attachment--aws-elasticbeanstalk-service-role_AWSElasticBeanstalkManagedUpdatesCustomerRolePolicy_id": {
                    "sensitive": false,
                    "type": "string",
                    "value": "aws-elasticbeanstalk-service-role/arn:aws:iam::aws:policy/AWSElasticBeanstalkManagedUpdatesCustomerRolePolicy"
                },
                "aws_iam_role_policy_attachment--aws-elasticbeanstalk-service-role_AWSElasticBeanstalkService_id": {
                    "sensitive": false,
                    "type": "string",
                    "value": "aws-elasticbeanstalk-service-role/arn:aws:iam::aws:policy/service-role/AWSElasticBeanstalkService"
                },
                "aws_iam_role_policy_attachment--ecsInstanceRole_AmazonEC2ContainerServiceforEC2Role_id": {
                    "sensitive": false,
                    "type": "string",
                    "value": "ecsInstanceRole/arn:aws:iam::aws:policy/service-role/AmazonEC2ContainerServiceforEC2Role"
                },
                "aws_iam_role_policy_attachment--gitlab-ci-role_gitlab-ci-policy_id": {
                    "sensitive": false,
                    "type": "string",
                    "value": "gitlab-ci-role/arn:aws:iam::211125588594:policy/gitlab-ci-policy"
                },
                "aws_iam_role_policy_attachment--rds-monitoring-role_AmazonRDSEnhancedMonitoringRole_id": {
                    "sensitive": false,
                    "type": "string",
                    "value": "rds-monitoring-role/arn:aws:iam::aws:policy/service-role/AmazonRDSEnhancedMonitoringRole"
                },
                "aws_iam_role_policy_attachment--ugdas-beanstalk-instance-role_AWSElasticBeanstalkMulticontainerDocker_id": {
                    "sensitive": false,
                    "type": "string",
                    "value": "ugdas-beanstalk-instance-role/arn:aws:iam::aws:policy/AWSElasticBeanstalkMulticontainerDocker"
                },
                "aws_iam_role_policy_attachment--ugdas-beanstalk-instance-role_AWSElasticBeanstalkWebTier_id": {
                    "sensitive": false,
                    "type": "string",
                    "value": "ugdas-beanstalk-instance-role/arn:aws:iam::aws:policy/AWSElasticBeanstalkWebTier"
                },
                "aws_iam_role_policy_attachment--ugdas-beanstalk-service-role_AWSElasticBeanstalkEnhancedHealth_id": {
                    "sensitive": false,
                    "type": "string",
                    "value": "ugdas-beanstalk-service-role/arn:aws:iam::aws:policy/service-role/AWSElasticBeanstalkEnhancedHealth"
                },
                "aws_iam_role_policy--api_registry_role_ElasticBeanstalkECSTaskForCICD_id": {
                    "sensitive": false,
                    "type": "string",
                    "value": "api_registry_role:ElasticBeanstalkECSTaskForCICD"
                },
                "aws_iam_role_policy--api_registry_role_ElasticBeanstalkPolicyForCICD_id": {
                    "sensitive": false,
                    "type": "string",
                    "value": "api_registry_role:ElasticBeanstalkPolicyForCICD"
                },
                "aws_iam_role_policy--api_registry_role_S3PutObjectForCICD_id": {
                    "sensitive": false,
                    "type": "string",
                    "value": "api_registry_role:S3PutObjectForCICD"
                },
                "aws_iam_role_policy--s3_cicd_deploy_role_s3-buckets-deploy-policy_id": {
                    "sensitive": false,
                    "type": "string",
                    "value": "s3_cicd_deploy_role:s3-buckets-deploy-policy"
                },
                "aws_iam_role_policy--ugdas-beanstalk-instance-role_ugdas-additional-ec2-permissions_id": {
                    "sensitive": false,
                    "type": "string",
                    "value": "ugdas-beanstalk-instance-role:ugdas-additional-ec2-permissions"
                },
                "aws_iam_role_policy--ugdas-role_ugdas-policy_id": {
                    "sensitive": false,
                    "type": "string",
                    "value": "ugdas-role:ugdas-policy"
                },
                "aws_iam_role--AWSServiceRoleForAutoScaling_id": {
                    "sensitive": false,
                    "type": "string",
                    "value": "AWSServiceRoleForAutoScaling"
                },
                "aws_iam_role--AWSServiceRoleForECS_id": {
                    "sensitive": false,
                    "type": "string",
                    "value": "AWSServiceRoleForECS"
                },
                "aws_iam_role--AWSServiceRoleForEc2InstanceConnect_id": {
                    "sensitive": false,
                    "type": "string",
                    "value": "AWSServiceRoleForEc2InstanceConnect"
                },
                "aws_iam_role--AWSServiceRoleForElastiCache_id": {
                    "sensitive": false,
                    "type": "string",
                    "value": "AWSServiceRoleForElastiCache"
                },
                "aws_iam_role--AWSServiceRoleForElasticBeanstalk_id": {
                    "sensitive": false,
                    "type": "string",
                    "value": "AWSServiceRoleForElasticBeanstalk"
                },
                "aws_iam_role--AWSServiceRoleForElasticLoadBalancing_id": {
                    "sensitive": false,
                    "type": "string",
                    "value": "AWSServiceRoleForElasticLoadBalancing"
                },
                "aws_iam_role--AWSServiceRoleForGlobalAccelerator_id": {
                    "sensitive": false,
                    "type": "string",
                    "value": "AWSServiceRoleForGlobalAccelerator"
                },
                "aws_iam_role--AWSServiceRoleForRDS_id": {
                    "sensitive": false,
                    "type": "string",
                    "value": "AWSServiceRoleForRDS"
                },
                "aws_iam_role--AWSServiceRoleForSupport_id": {
                    "sensitive": false,
                    "type": "string",
                    "value": "AWSServiceRoleForSupport"
                },
                "aws_iam_role--AWSServiceRoleForTrustedAdvisor_id": {
                    "sensitive": false,
                    "type": "string",
                    "value": "AWSServiceRoleForTrustedAdvisor"
                },
                "aws_iam_role--api_registry_role_id": {
                    "sensitive": false,
                    "type": "string",
                    "value": "api_registry_role"
                },
                "aws_iam_role--aws-elasticbeanstalk-ec2-role_id": {
                    "sensitive": false,
                    "type": "string",
                    "value": "aws-elasticbeanstalk-ec2-role"
                },
                "aws_iam_role--aws-elasticbeanstalk-service-role_id": {
                    "sensitive": false,
                    "type": "string",
                    "value": "aws-elasticbeanstalk-service-role"
                },
                "aws_iam_role--beanstalk-role_id": {
                    "sensitive": false,
                    "type": "string",
                    "value": "beanstalk-role"
                },
                "aws_iam_role--ecsInstanceRole_id": {
                    "sensitive": false,
                    "type": "string",
                    "value": "ecsInstanceRole"
                },
                "aws_iam_role--gitlab-ci-role_id": {
                    "sensitive": false,
                    "type": "string",
                    "value": "gitlab-ci-role"
                },
                "aws_iam_role--rds-monitoring-role_id": {
                    "sensitive": false,
                    "type": "string",
                    "value": "rds-monitoring-role"
                },
                "aws_iam_role--s3_cicd_deploy_role_id": {
                    "sensitive": false,
                    "type": "string",
                    "value": "s3_cicd_deploy_role"
                },
                "aws_iam_role--ugdas-beanstalk-instance-role_id": {
                    "sensitive": false,
                    "type": "string",
                    "value": "ugdas-beanstalk-instance-role"
                },
                "aws_iam_role--ugdas-beanstalk-service-role_id": {
                    "sensitive": false,
                    "type": "string",
                    "value": "ugdas-beanstalk-service-role"
                },
                "aws_iam_role--ugdas-environment-eb-ec2_id": {
                    "sensitive": false,
                    "type": "string",
                    "value": "ugdas-environment-eb-ec2"
                },
                "aws_iam_role--ugdas-environment-eb-service_id": {
                    "sensitive": false,
                    "type": "string",
                    "value": "ugdas-environment-eb-service"
                },
                "aws_iam_role--ugdas-role_id": {
                    "sensitive": false,
                    "type": "string",
                    "value": "ugdas-role"
                },
                "aws_iam_user_group_membership--devops-002F-devops_id": {
                    "sensitive": false,
                    "type": "string",
                    "value": "devops/devops"
                },
                "aws_iam_user_group_membership--ugdas-s3-user-002F-ugdas-s3-group_id": {
                    "sensitive": false,
                    "type": "string",
                    "value": "ugdas-s3-user/ugdas-s3-group"
                },
                "aws_iam_user_policy_attachment--gitlab-ci-user_ecr-policy_id": {
                    "sensitive": false,
                    "type": "string",
                    "value": "gitlab-ci-user/arn:aws:iam::211125588594:policy/ecr-policy"
                },
                "aws_iam_user_policy--gitlab-ci-user_gitlab-ci-user-policy_id": {
                    "sensitive": false,
                    "type": "string",
                    "value": "gitlab-ci-user:gitlab-ci-user-policy"
                },
                "aws_iam_user--AIDATCKAQ2JZJCYO4MVBJ_id": {
                    "sensitive": false,
                    "type": "string",
                    "value": "ugdas-s3-user"
                },
                "aws_iam_user--AIDATCKAQ2JZOCBHQFAJU_id": {
                    "sensitive": false,
                    "type": "string",
                    "value": "gitlab-ci-user"
                },
                "aws_iam_user--AIDATCKAQ2JZPYWHPCDKG_id": {
                    "sensitive": false,
                    "type": "string",
                    "value": "devops"
                }
            },
            "resources": {
                "aws_iam_access_key.tfer--AKIATCKAQ2JZAVWOF5EH": {
                    "type": "aws_iam_access_key",
                    "depends_on": [],
                    "primary": {
                        "id": "AKIATCKAQ2JZAVWOF5EH",
                        "attributes": {
                            "create_date": "2024-05-31T17:58:53Z",
                            "id": "AKIATCKAQ2JZAVWOF5EH",
                            "status": "Active",
                            "user": "gitlab-ci-user"
                        },
                        "meta": {
                            "schema_version": 0
                        },
                        "tainted": false
                    },
                    "deposed": [],
                    "provider": "provider.aws"
                },
                "aws_iam_access_key.tfer--AKIATCKAQ2JZEUKGNW6M": {
                    "type": "aws_iam_access_key",
                    "depends_on": [],
                    "primary": {
                        "id": "AKIATCKAQ2JZEUKGNW6M",
                        "attributes": {
                            "create_date": "2024-05-26T19:48:20Z",
                            "id": "AKIATCKAQ2JZEUKGNW6M",
                            "status": "Active",
                            "user": "devops"
                        },
                        "meta": {
                            "schema_version": 0
                        },
                        "tainted": false
                    },
                    "deposed": [],
                    "provider": "provider.aws"
                },
                "aws_iam_access_key.tfer--AKIATCKAQ2JZHBLK56JQ": {
                    "type": "aws_iam_access_key",
                    "depends_on": [],
                    "primary": {
                        "id": "AKIATCKAQ2JZHBLK56JQ",
                        "attributes": {
                            "create_date": "2024-05-31T09:45:14Z",
                            "id": "AKIATCKAQ2JZHBLK56JQ",
                            "status": "Active",
                            "user": "gitlab-ci-user"
                        },
                        "meta": {
                            "schema_version": 0
                        },
                        "tainted": false
                    },
                    "deposed": [],
                    "provider": "provider.aws"
                },
                "aws_iam_access_key.tfer--AKIATCKAQ2JZK5SXICS6": {
                    "type": "aws_iam_access_key",
                    "depends_on": [],
                    "primary": {
                        "id": "AKIATCKAQ2JZK5SXICS6",
                        "attributes": {
                            "create_date": "2024-06-02T18:34:23Z",
                            "id": "AKIATCKAQ2JZK5SXICS6",
                            "status": "Active",
                            "user": "ugdas-s3-user"
                        },
                        "meta": {
                            "schema_version": 0
                        },
                        "tainted": false
                    },
                    "deposed": [],
                    "provider": "provider.aws"
                },
                "aws_iam_access_key.tfer--AKIATCKAQ2JZOZCRAEJW": {
                    "type": "aws_iam_access_key",
                    "depends_on": [],
                    "primary": {
                        "id": "AKIATCKAQ2JZOZCRAEJW",
                        "attributes": {
                            "create_date": "2024-05-26T17:27:34Z",
                            "id": "AKIATCKAQ2JZOZCRAEJW",
                            "status": "Active",
                            "user": "devops"
                        },
                        "meta": {
                            "schema_version": 0
                        },
                        "tainted": false
                    },
                    "deposed": [],
                    "provider": "provider.aws"
                },
                "aws_iam_group.tfer--devops": {
                    "type": "aws_iam_group",
                    "depends_on": [],
                    "primary": {
                        "id": "devops",
                        "attributes": {
                            "arn": "arn:aws:iam::211125588594:group/devops",
                            "id": "devops",
                            "name": "devops",
                            "path": "/",
                            "unique_id": "AGPATCKAQ2JZDUPI4YXUY"
                        },
                        "meta": {
                            "schema_version": 0
                        },
                        "tainted": false
                    },
                    "deposed": [],
                    "provider": "provider.aws"
                },
                "aws_iam_group.tfer--ugdas-s3-group": {
                    "type": "aws_iam_group",
                    "depends_on": [],
                    "primary": {
                        "id": "ugdas-s3-group",
                        "attributes": {
                            "arn": "arn:aws:iam::211125588594:group/ugdas-s3-group",
                            "id": "ugdas-s3-group",
                            "name": "ugdas-s3-group",
                            "path": "/",
                            "unique_id": "AGPATCKAQ2JZNLDI4PKA2"
                        },
                        "meta": {
                            "schema_version": 0
                        },
                        "tainted": false
                    },
                    "deposed": [],
                    "provider": "provider.aws"
                },
                "aws_iam_group_policy.tfer--ugdas-s3-group_ugdas-s3-bucket-manager-policy": {
                    "type": "aws_iam_group_policy",
                    "depends_on": [],
                    "primary": {
                        "id": "ugdas-s3-group:ugdas-s3-bucket-manager-policy",
                        "attributes": {
                            "group": "ugdas-s3-group",
                            "id": "ugdas-s3-group:ugdas-s3-bucket-manager-policy",
                            "name": "ugdas-s3-bucket-manager-policy",
                            "policy": "{\n\t\"Version\": \"2012-10-17\",\n\t\"Statement\": [\n\t\t{\n\t\t\t\"Effect\": \"Allow\",\n\t\t\t\"Action\": \"s3:*\",\n\t\t\t\"Resource\": [\n\t\t\t\t\"arn:aws:s3:::ugdas\",\n\t\t\t\t\"arn:aws:s3:::ugdas/*\",\n\t\t\t\t\"arn:aws:s3:::ugdas-initial-backup\",\n\t\t\t\t\"arn:aws:s3:::ugdas-initial-backup/*\"\n\t\t\t]\n\t\t}\n\t]\n}"
                        },
                        "meta": {
                            "schema_version": 0
                        },
                        "tainted": false
                    },
                    "deposed": [],
                    "provider": "provider.aws"
                },
                "aws_iam_group_policy_attachment.tfer--devops_AdministratorAccess": {
                    "type": "aws_iam_group_policy_attachment",
                    "depends_on": [],
                    "primary": {
                        "id": "devops/arn:aws:iam::aws:policy/AdministratorAccess",
                        "attributes": {
                            "group": "devops",
                            "id": "devops/arn:aws:iam::aws:policy/AdministratorAccess",
                            "policy_arn": "arn:aws:iam::aws:policy/AdministratorAccess"
                        },
                        "meta": {
                            "schema_version": 0
                        },
                        "tainted": false
                    },
                    "deposed": [],
                    "provider": "provider.aws"
                },
                "aws_iam_group_policy_attachment.tfer--devops_AmazonAPIGatewayAdministrator": {
                    "type": "aws_iam_group_policy_attachment",
                    "depends_on": [],
                    "primary": {
                        "id": "devops/arn:aws:iam::aws:policy/AmazonAPIGatewayAdministrator",
                        "attributes": {
                            "group": "devops",
                            "id": "devops/arn:aws:iam::aws:policy/AmazonAPIGatewayAdministrator",
                            "policy_arn": "arn:aws:iam::aws:policy/AmazonAPIGatewayAdministrator"
                        },
                        "meta": {
                            "schema_version": 0
                        },
                        "tainted": false
                    },
                    "deposed": [],
                    "provider": "provider.aws"
                },
                "aws_iam_instance_profile.tfer--aws-elasticbeanstalk-ec2-role": {
                    "type": "aws_iam_instance_profile",
                    "depends_on": [],
                    "primary": {
                        "id": "aws-elasticbeanstalk-ec2-role",
                        "attributes": {
                            "arn": "arn:aws:iam::211125588594:instance-profile/aws-elasticbeanstalk-ec2-role",
                            "create_date": "2024-05-28T15:52:19Z",
                            "id": "aws-elasticbeanstalk-ec2-role",
                            "name": "aws-elasticbeanstalk-ec2-role",
                            "path": "/",
                            "role": "aws-elasticbeanstalk-ec2-role",
                            "tags.%": "0",
                            "tags_all.%": "0",
                            "unique_id": "AIPATCKAQ2JZJOD47IZGO"
                        },
                        "meta": {
                            "schema_version": 0
                        },
                        "tainted": false
                    },
                    "deposed": [],
                    "provider": "provider.aws"
                },
                "aws_iam_instance_profile.tfer--beanstalk-profile": {
                    "type": "aws_iam_instance_profile",
                    "depends_on": [],
                    "primary": {
                        "id": "beanstalk-profile",
                        "attributes": {
                            "arn": "arn:aws:iam::211125588594:instance-profile/beanstalk-profile",
                            "create_date": "2024-06-02T18:01:00Z",
                            "id": "beanstalk-profile",
                            "name": "beanstalk-profile",
                            "path": "/",
                            "role": "beanstalk-role",
                            "tags.%": "0",
                            "tags_all.%": "0",
                            "unique_id": "AIPATCKAQ2JZEOQWS6NQA"
                        },
                        "meta": {
                            "schema_version": 0
                        },
                        "tainted": false
                    },
                    "deposed": [],
                    "provider": "provider.aws"
                },
                "aws_iam_instance_profile.tfer--ecsInstanceRole": {
                    "type": "aws_iam_instance_profile",
                    "depends_on": [],
                    "primary": {
                        "id": "ecsInstanceRole",
                        "attributes": {
                            "arn": "arn:aws:iam::211125588594:instance-profile/ecsInstanceRole",
                            "create_date": "2024-05-28T14:15:02Z",
                            "id": "ecsInstanceRole",
                            "name": "ecsInstanceRole",
                            "path": "/",
                            "role": "ecsInstanceRole",
                            "tags.%": "0",
                            "tags_all.%": "0",
                            "unique_id": "AIPATCKAQ2JZKS3ANJBHT"
                        },
                        "meta": {
                            "schema_version": 0
                        },
                        "tainted": false
                    },
                    "deposed": [],
                    "provider": "provider.aws"
                },
                "aws_iam_instance_profile.tfer--ugdas-beanstalk-instance-profile": {
                    "type": "aws_iam_instance_profile",
                    "depends_on": [],
                    "primary": {
                        "id": "ugdas-beanstalk-instance-profile",
                        "attributes": {
                            "arn": "arn:aws:iam::211125588594:instance-profile/ugdas-beanstalk-instance-profile",
                            "create_date": "2024-06-03T10:36:32Z",
                            "id": "ugdas-beanstalk-instance-profile",
                            "name": "ugdas-beanstalk-instance-profile",
                            "path": "/",
                            "role": "ugdas-beanstalk-instance-role",
                            "tags.%": "0",
                            "tags_all.%": "0",
                            "unique_id": "AIPATCKAQ2JZBT7MVTR66"
                        },
                        "meta": {
                            "schema_version": 0
                        },
                        "tainted": false
                    },
                    "deposed": [],
                    "provider": "provider.aws"
                },
                "aws_iam_instance_profile.tfer--ugdas-environment-eb-ec2": {
                    "type": "aws_iam_instance_profile",
                    "depends_on": [],
                    "primary": {
                        "id": "ugdas-environment-eb-ec2",
                        "attributes": {
                            "arn": "arn:aws:iam::211125588594:instance-profile/ugdas-environment-eb-ec2",
                            "create_date": "2024-06-03T09:46:08Z",
                            "id": "ugdas-environment-eb-ec2",
                            "name": "ugdas-environment-eb-ec2",
                            "path": "/",
                            "role": "ugdas-environment-eb-ec2",
                            "tags.%": "1",
                            "tags.Name": "ugdas-environment",
                            "tags_all.%": "1",
                            "tags_all.Name": "ugdas-environment",
                            "unique_id": "AIPATCKAQ2JZH3GIPMCCC"
                        },
                        "meta": {
                            "schema_version": 0
                        },
                        "tainted": false
                    },
                    "deposed": [],
                    "provider": "provider.aws"
                },
                "aws_iam_instance_profile.tfer--ugdas-instance-profile": {
                    "type": "aws_iam_instance_profile",
                    "depends_on": [],
                    "primary": {
                        "id": "ugdas-instance-profile",
                        "attributes": {
                            "arn": "arn:aws:iam::211125588594:instance-profile/ugdas-instance-profile",
                            "create_date": "2024-06-02T13:24:52Z",
                            "id": "ugdas-instance-profile",
                            "name": "ugdas-instance-profile",
                            "path": "/",
                            "role": "ugdas-role",
                            "tags.%": "0",
                            "tags_all.%": "0",
                            "unique_id": "AIPATCKAQ2JZELQUMBVGN"
                        },
                        "meta": {
                            "schema_version": 0
                        },
                        "tainted": false
                    },
                    "deposed": [],
                    "provider": "provider.aws"
                },
                "aws_iam_policy.tfer--api-ecr": {
                    "type": "aws_iam_policy",
                    "depends_on": [],
                    "primary": {
                        "id": "arn:aws:iam::211125588594:policy/api-ecr",
                        "attributes": {
                            "arn": "arn:aws:iam::211125588594:policy/api-ecr",
                            "description": "",
                            "id": "arn:aws:iam::211125588594:policy/api-ecr",
                            "name": "api-ecr",
                            "path": "/",
                            "policy": "{\"Statement\":[{\"Action\":[\"ecr:*\"],\"Effect\":\"Allow\",\"Resource\":\"*\",\"Sid\":\"VisualEditor0\"}],\"Version\":\"2012-10-17\"}",
                            "policy_id": "ANPATCKAQ2JZBPLAVAONB",
                            "tags.%": "0",
                            "tags_all.%": "0"
                        },
                        "meta": {
                            "schema_version": 0
                        },
                        "tainted": false
                    },
                    "deposed": [],
                    "provider": "provider.aws"
                },
                "aws_iam_policy.tfer--ecr-policy": {
                    "type": "aws_iam_policy",
                    "depends_on": [],
                    "primary": {
                        "id": "arn:aws:iam::211125588594:policy/ecr-policy",
                        "attributes": {
                            "arn": "arn:aws:iam::211125588594:policy/ecr-policy",
                            "description": "Policy for ECR operations",
                            "id": "arn:aws:iam::211125588594:policy/ecr-policy",
                            "name": "ecr-policy",
                            "path": "/",
                            "policy": "{\"Statement\":[{\"Action\":[\"ecr:GetAuthorizationToken\",\"ecr:BatchCheckLayerAvailability\",\"ecr:BatchGetImage\",\"ecr:GetDownloadUrlForLayer\",\"ecr:InitiateLayerUpload\",\"ecr:UploadLayerPart\",\"ecr:CompleteLayerUpload\",\"ecr:PutImage\"],\"Effect\":\"Allow\",\"Resource\":\"*\"}],\"Version\":\"2012-10-17\"}",
                            "policy_id": "ANPATCKAQ2JZIGV6GUVO3",
                            "tags.%": "0",
                            "tags_all.%": "0"
                        },
                        "meta": {
                            "schema_version": 0
                        },
                        "tainted": false
                    },
                    "deposed": [],
                    "provider": "provider.aws"
                },
                "aws_iam_policy.tfer--gitlab-ci-policy": {
                    "type": "aws_iam_policy",
                    "depends_on": [],
                    "primary": {
                        "id": "arn:aws:iam::211125588594:policy/gitlab-ci-policy",
                        "attributes": {
                            "arn": "arn:aws:iam::211125588594:policy/gitlab-ci-policy",
                            "description": "Policy for GitLab CI/CD pipeline",
                            "id": "arn:aws:iam::211125588594:policy/gitlab-ci-policy",
                            "name": "gitlab-ci-policy",
                            "path": "/",
                            "policy": "{\"Statement\":[{\"Action\":[\"elasticbeanstalk:CreateApplication\",\"elasticbeanstalk:CreateEnvironment\",\"elasticbeanstalk:UpdateEnvironment\",\"elasticbeanstalk:TerminateEnvironment\",\"elasticbeanstalk:DescribeEnvironments\",\"elasticbeanstalk:DescribeApplicationVersions\",\"s3:PutObject\",\"s3:GetObject\",\"s3:ListBucket\"],\"Effect\":\"Allow\",\"Resource\":\"*\"}],\"Version\":\"2012-10-17\"}",
                            "policy_id": "ANPATCKAQ2JZJKLVOA3I3",
                            "tags.%": "0",
                            "tags_all.%": "0"
                        },
                        "meta": {
                            "schema_version": 0
                        },
                        "tainted": false
                    },
                    "deposed": [],
                    "provider": "provider.aws"
                },
                "aws_iam_policy.tfer--s3_react_policy": {
                    "type": "aws_iam_policy",
                    "depends_on": [],
                    "primary": {
                        "id": "arn:aws:iam::211125588594:policy/s3_react_policy",
                        "attributes": {
                            "arn": "arn:aws:iam::211125588594:policy/s3_react_policy",
                            "description": "",
                            "id": "arn:aws:iam::211125588594:policy/s3_react_policy",
                            "name": "s3_react_policy",
                            "path": "/",
                            "policy": "{\"Statement\":[{\"Action\":\"s3:ListBucket\",\"Effect\":\"Allow\",\"Resource\":\"arn:aws:s3:::eposta-api-integration-react\",\"Sid\":\"VisualEditor0\"},{\"Action\":[\"s3:PutObject\",\"s3:GetObject\",\"s3:DeleteObject\"],\"Effect\":\"Allow\",\"Resource\":\"arn:aws:s3:::eposta-api-integration-react/*\",\"Sid\":\"VisualEditor1\"}],\"Version\":\"2012-10-17\"}",
                            "policy_id": "ANPATCKAQ2JZIGGXSB6UE",
                            "tags.%": "0",
                            "tags_all.%": "0"
                        },
                        "meta": {
                            "schema_version": 0
                        },
                        "tainted": false
                    },
                    "deposed": [],
                    "provider": "provider.aws"
                },
                "aws_iam_policy.tfer--s3_vue_policy": {
                    "type": "aws_iam_policy",
                    "depends_on": [],
                    "primary": {
                        "id": "arn:aws:iam::211125588594:policy/s3_vue_policy",
                        "attributes": {
                            "arn": "arn:aws:iam::211125588594:policy/s3_vue_policy",
                            "description": "",
                            "id": "arn:aws:iam::211125588594:policy/s3_vue_policy",
                            "name": "s3_vue_policy",
                            "path": "/",
                            "policy": "{\"Statement\":[{\"Action\":\"s3:ListBucket\",\"Effect\":\"Allow\",\"Resource\":\"arn:aws:s3:::zaidi-administration\",\"Sid\":\"VisualEditor0\"},{\"Action\":[\"s3:PutObject\",\"s3:GetObject\",\"s3:DeleteObject\"],\"Effect\":\"Allow\",\"Resource\":\"arn:aws:s3:::zaidi-administration/*\",\"Sid\":\"VisualEditor1\"}],\"Version\":\"2012-10-17\"}",
                            "policy_id": "ANPATCKAQ2JZAF2AHVTYS",
                            "tags.%": "0",
                            "tags_all.%": "0"
                        },
                        "meta": {
                            "schema_version": 0
                        },
                        "tainted": false
                    },
                    "deposed": [],
                    "provider": "provider.aws"
                },
                "aws_iam_role.tfer--AWSServiceRoleForAutoScaling": {
                    "type": "aws_iam_role",
                    "depends_on": [],
                    "primary": {
                        "id": "AWSServiceRoleForAutoScaling",
                        "attributes": {
                            "arn": "arn:aws:iam::211125588594:role/aws-service-role/autoscaling.amazonaws.com/AWSServiceRoleForAutoScaling",
                            "assume_role_policy": "{\"Version\":\"2012-10-17\",\"Statement\":[{\"Effect\":\"Allow\",\"Principal\":{\"Service\":\"autoscaling.amazonaws.com\"},\"Action\":\"sts:AssumeRole\"}]}",
                            "create_date": "2024-05-28T15:40:47Z",
                            "description": "Default Service-Linked Role enables access to AWS Services and Resources used or managed by Auto Scaling",
                            "id": "AWSServiceRoleForAutoScaling",
                            "inline_policy.#": "1",
                            "inline_policy.0.name": "",
                            "inline_policy.0.policy": "",
                            "managed_policy_arns.#": "1",
                            "managed_policy_arns.0": "arn:aws:iam::aws:policy/aws-service-role/AutoScalingServiceRolePolicy",
                            "max_session_duration": "3600",
                            "name": "AWSServiceRoleForAutoScaling",
                            "name_prefix": "",
                            "path": "/aws-service-role/autoscaling.amazonaws.com/",
                            "tags.%": "0",
                            "tags_all.%": "0",
                            "unique_id": "AROATCKAQ2JZF6TBDQWLO"
                        },
                        "meta": {
                            "schema_version": 0
                        },
                        "tainted": false
                    },
                    "deposed": [],
                    "provider": "provider.aws"
                },
                "aws_iam_role.tfer--AWSServiceRoleForECS": {
                    "type": "aws_iam_role",
                    "depends_on": [],
                    "primary": {
                        "id": "AWSServiceRoleForECS",
                        "attributes": {
                            "arn": "arn:aws:iam::211125588594:role/aws-service-role/ecs.amazonaws.com/AWSServiceRoleForECS",
                            "assume_role_policy": "{\"Version\":\"2012-10-17\",\"Statement\":[{\"Effect\":\"Allow\",\"Principal\":{\"Service\":\"ecs.amazonaws.com\"},\"Action\":\"sts:AssumeRole\"}]}",
                            "create_date": "2024-05-28T14:15:09Z",
                            "description": "Role to enable Amazon ECS to manage your cluster.",
                            "id": "AWSServiceRoleForECS",
                            "inline_policy.#": "1",
                            "inline_policy.0.name": "",
                            "inline_policy.0.policy": "",
                            "managed_policy_arns.#": "1",
                            "managed_policy_arns.0": "arn:aws:iam::aws:policy/aws-service-role/AmazonECSServiceRolePolicy",
                            "max_session_duration": "3600",
                            "name": "AWSServiceRoleForECS",
                            "name_prefix": "",
                            "path": "/aws-service-role/ecs.amazonaws.com/",
                            "tags.%": "0",
                            "tags_all.%": "0",
                            "unique_id": "AROATCKAQ2JZPOIX5FFJY"
                        },
                        "meta": {
                            "schema_version": 0
                        },
                        "tainted": false
                    },
                    "deposed": [],
                    "provider": "provider.aws"
                },
                "aws_iam_role.tfer--AWSServiceRoleForEc2InstanceConnect": {
                    "type": "aws_iam_role",
                    "depends_on": [],
                    "primary": {
                        "id": "AWSServiceRoleForEc2InstanceConnect",
                        "attributes": {
                            "arn": "arn:aws:iam::211125588594:role/aws-service-role/ec2-instance-connect.amazonaws.com/AWSServiceRoleForEc2InstanceConnect",
                            "assume_role_policy": "{\"Version\":\"2012-10-17\",\"Statement\":[{\"Effect\":\"Allow\",\"Principal\":{\"Service\":\"ec2-instance-connect.amazonaws.com\"},\"Action\":\"sts:AssumeRole\"}]}",
                            "create_date": "2024-05-31T10:00:04Z",
                            "description": "The Service Linked Role used by EC2 Instance Connect Endpoint.",
                            "id": "AWSServiceRoleForEc2InstanceConnect",
                            "inline_policy.#": "1",
                            "inline_policy.0.name": "",
                            "inline_policy.0.policy": "",
                            "managed_policy_arns.#": "1",
                            "managed_policy_arns.0": "arn:aws:iam::aws:policy/aws-service-role/Ec2InstanceConnectEndpoint",
                            "max_session_duration": "3600",
                            "name": "AWSServiceRoleForEc2InstanceConnect",
                            "name_prefix": "",
                            "path": "/aws-service-role/ec2-instance-connect.amazonaws.com/",
                            "tags.%": "0",
                            "tags_all.%": "0",
                            "unique_id": "AROATCKAQ2JZOTMZPDSXJ"
                        },
                        "meta": {
                            "schema_version": 0
                        },
                        "tainted": false
                    },
                    "deposed": [],
                    "provider": "provider.aws"
                },
                "aws_iam_role.tfer--AWSServiceRoleForElastiCache": {
                    "type": "aws_iam_role",
                    "depends_on": [],
                    "primary": {
                        "id": "AWSServiceRoleForElastiCache",
                        "attributes": {
                            "arn": "arn:aws:iam::211125588594:role/aws-service-role/elasticache.amazonaws.com/AWSServiceRoleForElastiCache",
                            "assume_role_policy": "{\"Version\":\"2012-10-17\",\"Statement\":[{\"Effect\":\"Allow\",\"Principal\":{\"Service\":\"elasticache.amazonaws.com\"},\"Action\":\"sts:AssumeRole\"}]}",
                            "create_date": "2024-06-02T17:45:03Z",
                            "description": "This policy allows ElastiCache to manage AWS resources on your behalf as necessary for managing your cache.",
                            "id": "AWSServiceRoleForElastiCache",
                            "inline_policy.#": "1",
                            "inline_policy.0.name": "",
                            "inline_policy.0.policy": "",
                            "managed_policy_arns.#": "1",
                            "managed_policy_arns.0": "arn:aws:iam::aws:policy/aws-service-role/ElastiCacheServiceRolePolicy",
                            "max_session_duration": "3600",
                            "name": "AWSServiceRoleForElastiCache",
                            "name_prefix": "",
                            "path": "/aws-service-role/elasticache.amazonaws.com/",
                            "tags.%": "0",
                            "tags_all.%": "0",
                            "unique_id": "AROATCKAQ2JZND52SSXSY"
                        },
                        "meta": {
                            "schema_version": 0
                        },
                        "tainted": false
                    },
                    "deposed": [],
                    "provider": "provider.aws"
                },
                "aws_iam_role.tfer--AWSServiceRoleForElasticBeanstalk": {
                    "type": "aws_iam_role",
                    "depends_on": [],
                    "primary": {
                        "id": "AWSServiceRoleForElasticBeanstalk",
                        "attributes": {
                            "arn": "arn:aws:iam::211125588594:role/aws-service-role/elasticbeanstalk.amazonaws.com/AWSServiceRoleForElasticBeanstalk",
                            "assume_role_policy": "{\"Version\":\"2012-10-17\",\"Statement\":[{\"Effect\":\"Allow\",\"Principal\":{\"Service\":\"elasticbeanstalk.amazonaws.com\"},\"Action\":\"sts:AssumeRole\"}]}",
                            "create_date": "2024-05-28T14:56:24Z",
                            "description": "",
                            "id": "AWSServiceRoleForElasticBeanstalk",
                            "inline_policy.#": "1",
                            "inline_policy.0.name": "",
                            "inline_policy.0.policy": "",
                            "managed_policy_arns.#": "1",
                            "managed_policy_arns.0": "arn:aws:iam::aws:policy/aws-service-role/AWSElasticBeanstalkServiceRolePolicy",
                            "max_session_duration": "3600",
                            "name": "AWSServiceRoleForElasticBeanstalk",
                            "name_prefix": "",
                            "path": "/aws-service-role/elasticbeanstalk.amazonaws.com/",
                            "tags.%": "0",
                            "tags_all.%": "0",
                            "unique_id": "AROATCKAQ2JZGZYBDXVSK"
                        },
                        "meta": {
                            "schema_version": 0
                        },
                        "tainted": false
                    },
                    "deposed": [],
                    "provider": "provider.aws"
                },
                "aws_iam_role.tfer--AWSServiceRoleForElasticLoadBalancing": {
                    "type": "aws_iam_role",
                    "depends_on": [],
                    "primary": {
                        "id": "AWSServiceRoleForElasticLoadBalancing",
                        "attributes": {
                            "arn": "arn:aws:iam::211125588594:role/aws-service-role/elasticloadbalancing.amazonaws.com/AWSServiceRoleForElasticLoadBalancing",
                            "assume_role_policy": "{\"Version\":\"2012-10-17\",\"Statement\":[{\"Effect\":\"Allow\",\"Principal\":{\"Service\":\"elasticloadbalancing.amazonaws.com\"},\"Action\":\"sts:AssumeRole\"}]}",
                            "create_date": "2024-05-28T15:40:34Z",
                            "description": "Allows ELB to call AWS services on your behalf.",
                            "id": "AWSServiceRoleForElasticLoadBalancing",
                            "inline_policy.#": "1",
                            "inline_policy.0.name": "",
                            "inline_policy.0.policy": "",
                            "managed_policy_arns.#": "1",
                            "managed_policy_arns.0": "arn:aws:iam::aws:policy/aws-service-role/AWSElasticLoadBalancingServiceRolePolicy",
                            "max_session_duration": "3600",
                            "name": "AWSServiceRoleForElasticLoadBalancing",
                            "name_prefix": "",
                            "path": "/aws-service-role/elasticloadbalancing.amazonaws.com/",
                            "tags.%": "0",
                            "tags_all.%": "0",
                            "unique_id": "AROATCKAQ2JZMI6I2YIOO"
                        },
                        "meta": {
                            "schema_version": 0
                        },
                        "tainted": false
                    },
                    "deposed": [],
                    "provider": "provider.aws"
                },
                "aws_iam_role.tfer--AWSServiceRoleForGlobalAccelerator": {
                    "type": "aws_iam_role",
                    "depends_on": [],
                    "primary": {
                        "id": "AWSServiceRoleForGlobalAccelerator",
                        "attributes": {
                            "arn": "arn:aws:iam::211125588594:role/aws-service-role/globalaccelerator.amazonaws.com/AWSServiceRoleForGlobalAccelerator",
                            "assume_role_policy": "{\"Version\":\"2012-10-17\",\"Statement\":[{\"Effect\":\"Allow\",\"Principal\":{\"Service\":\"globalaccelerator.amazonaws.com\"},\"Action\":\"sts:AssumeRole\"}]}",
                            "create_date": "2024-06-03T17:20:44Z",
                            "description": "Allows Global Accelerator to call AWS services on customer's behalf",
                            "id": "AWSServiceRoleForGlobalAccelerator",
                            "inline_policy.#": "1",
                            "inline_policy.0.name": "",
                            "inline_policy.0.policy": "",
                            "managed_policy_arns.#": "1",
                            "managed_policy_arns.0": "arn:aws:iam::aws:policy/aws-service-role/AWSGlobalAcceleratorSLRPolicy",
                            "max_session_duration": "3600",
                            "name": "AWSServiceRoleForGlobalAccelerator",
                            "name_prefix": "",
                            "path": "/aws-service-role/globalaccelerator.amazonaws.com/",
                            "tags.%": "0",
                            "tags_all.%": "0",
                            "unique_id": "AROATCKAQ2JZFXHX2ORLR"
                        },
                        "meta": {
                            "schema_version": 0
                        },
                        "tainted": false
                    },
                    "deposed": [],
                    "provider": "provider.aws"
                },
                "aws_iam_role.tfer--AWSServiceRoleForRDS": {
                    "type": "aws_iam_role",
                    "depends_on": [],
                    "primary": {
                        "id": "AWSServiceRoleForRDS",
                        "attributes": {
                            "arn": "arn:aws:iam::211125588594:role/aws-service-role/rds.amazonaws.com/AWSServiceRoleForRDS",
                            "assume_role_policy": "{\"Version\":\"2012-10-17\",\"Statement\":[{\"Effect\":\"Allow\",\"Principal\":{\"Service\":\"rds.amazonaws.com\"},\"Action\":\"sts:AssumeRole\"}]}",
                            "create_date": "2024-05-26T19:12:54Z",
                            "description": "Allows Amazon RDS to manage AWS resources on your behalf",
                            "id": "AWSServiceRoleForRDS",
                            "inline_policy.#": "1",
                            "inline_policy.0.name": "",
                            "inline_policy.0.policy": "",
                            "managed_policy_arns.#": "1",
                            "managed_policy_arns.0": "arn:aws:iam::aws:policy/aws-service-role/AmazonRDSServiceRolePolicy",
                            "max_session_duration": "3600",
                            "name": "AWSServiceRoleForRDS",
                            "name_prefix": "",
                            "path": "/aws-service-role/rds.amazonaws.com/",
                            "tags.%": "0",
                            "tags_all.%": "0",
                            "unique_id": "AROATCKAQ2JZFJGM67BQN"
                        },
                        "meta": {
                            "schema_version": 0
                        },
                        "tainted": false
                    },
                    "deposed": [],
                    "provider": "provider.aws"
                },
                "aws_iam_role.tfer--AWSServiceRoleForSupport": {
                    "type": "aws_iam_role",
                    "depends_on": [],
                    "primary": {
                        "id": "AWSServiceRoleForSupport",
                        "attributes": {
                            "arn": "arn:aws:iam::211125588594:role/aws-service-role/support.amazonaws.com/AWSServiceRoleForSupport",
                            "assume_role_policy": "{\"Version\":\"2012-10-17\",\"Statement\":[{\"Effect\":\"Allow\",\"Principal\":{\"Service\":\"support.amazonaws.com\"},\"Action\":\"sts:AssumeRole\"}]}",
                            "create_date": "2024-05-04T21:57:10Z",
                            "description": "Enables resource access for AWS to provide billing, administrative and support services",
                            "id": "AWSServiceRoleForSupport",
                            "inline_policy.#": "1",
                            "inline_policy.0.name": "",
                            "inline_policy.0.policy": "",
                            "managed_policy_arns.#": "1",
                            "managed_policy_arns.0": "arn:aws:iam::aws:policy/aws-service-role/AWSSupportServiceRolePolicy",
                            "max_session_duration": "3600",
                            "name": "AWSServiceRoleForSupport",
                            "name_prefix": "",
                            "path": "/aws-service-role/support.amazonaws.com/",
                            "tags.%": "0",
                            "tags_all.%": "0",
                            "unique_id": "AROATCKAQ2JZNF2ZXVWKX"
                        },
                        "meta": {
                            "schema_version": 0
                        },
                        "tainted": false
                    },
                    "deposed": [],
                    "provider": "provider.aws"
                },
                "aws_iam_role.tfer--AWSServiceRoleForTrustedAdvisor": {
                    "type": "aws_iam_role",
                    "depends_on": [],
                    "primary": {
                        "id": "AWSServiceRoleForTrustedAdvisor",
                        "attributes": {
                            "arn": "arn:aws:iam::211125588594:role/aws-service-role/trustedadvisor.amazonaws.com/AWSServiceRoleForTrustedAdvisor",
                            "assume_role_policy": "{\"Version\":\"2012-10-17\",\"Statement\":[{\"Effect\":\"Allow\",\"Principal\":{\"Service\":\"trustedadvisor.amazonaws.com\"},\"Action\":\"sts:AssumeRole\"}]}",
                            "create_date": "2024-05-04T21:57:10Z",
                            "description": "Access for the AWS Trusted Advisor Service to help reduce cost, increase performance, and improve security of your AWS environment.",
                            "id": "AWSServiceRoleForTrustedAdvisor",
                            "inline_policy.#": "1",
                            "inline_policy.0.name": "",
                            "inline_policy.0.policy": "",
                            "managed_policy_arns.#": "1",
                            "managed_policy_arns.0": "arn:aws:iam::aws:policy/aws-service-role/AWSTrustedAdvisorServiceRolePolicy",
                            "max_session_duration": "3600",
                            "name": "AWSServiceRoleForTrustedAdvisor",
                            "name_prefix": "",
                            "path": "/aws-service-role/trustedadvisor.amazonaws.com/",
                            "tags.%": "0",
                            "tags_all.%": "0",
                            "unique_id": "AROATCKAQ2JZBSJLELORY"
                        },
                        "meta": {
                            "schema_version": 0
                        },
                        "tainted": false
                    },
                    "deposed": [],
                    "provider": "provider.aws"
                },
                "aws_iam_role.tfer--api_registry_role": {
                    "type": "aws_iam_role",
                    "depends_on": [],
                    "primary": {
                        "id": "api_registry_role",
                        "attributes": {
                            "arn": "arn:aws:iam::211125588594:role/api_registry_role",
                            "assume_role_policy": "{\"Version\":\"2012-10-17\",\"Statement\":[{\"Effect\":\"Allow\",\"Principal\":{\"Federated\":\"arn:aws:iam::211125588594:oidc-provider/africaone.dev\"},\"Action\":\"sts:AssumeRoleWithWebIdentity\",\"Condition\":{\"StringEquals\":{\"africaone.dev:aud\":\"api_client\"}}}]}",
                            "create_date": "2024-05-24T00:16:56Z",
                            "description": "",
                            "id": "api_registry_role",
                            "inline_policy.#": "3",
                            "inline_policy.0.name": "ElasticBeanstalkECSTaskForCICD",
                            "inline_policy.0.policy": "{\n\t\"Version\": \"2012-10-17\",\n\t\"Statement\": [\n\t\t{\n\t\t\t\"Sid\": \"VisualEditor0\",\n\t\t\t\"Effect\": \"Allow\",\n\t\t\t\"Action\": \"ecs:RegisterTaskDefinition\",\n\t\t\t\"Resource\": \"*\"\n\t\t}\n\t]\n}",
                            "inline_policy.1.name": "ElasticBeanstalkPolicyForCICD",
                            "inline_policy.1.policy": "{\n\t\"Version\": \"2012-10-17\",\n\t\"Statement\": [\n\t\t{\n\t\t\t\"Sid\": \"VisualEditor0\",\n\t\t\t\"Effect\": \"Allow\",\n\t\t\t\"Action\": [\n\t\t\t \"elasticbeanstalk:*\",\n                \"s3:*\",\n                \"ec2:*\",\n                \"cloudwatch:*\",\n                \"autoscaling:*\",\n                \"elasticloadbalancing:*\",\n                \"rds:*\",\n                \"cloudformation:*\",\n                \"iam:PassRole\"\n\t\t\t],\n\t\t\t\"Resource\": \"*\"\n\t\t}\n\t]\n}",
                            "inline_policy.2.name": "S3PutObjectForCICD",
                            "inline_policy.2.policy": "{\n\t\"Version\": \"2012-10-17\",\n\t\"Statement\": [\n\t\t{\n\t\t\t\"Sid\": \"VisualEditor0\",\n\t\t\t\"Effect\": \"Allow\",\n\t\t\t\"Action\": \"s3:*\",\n\t\t\t\"Resource\": \"arn:aws:s3:::elasticbeanstalk-af-south-1-211125588594/*\"\n\t\t}\n\t]\n}",
                            "managed_policy_arns.#": "1",
                            "managed_policy_arns.0": "arn:aws:iam::aws:policy/AmazonEC2ContainerRegistryPowerUser",
                            "max_session_duration": "3600",
                            "name": "api_registry_role",
                            "name_prefix": "",
                            "path": "/",
                            "tags.%": "0",
                            "tags_all.%": "0",
                            "unique_id": "AROATCKAQ2JZDWHSG2I2S"
                        },
                        "meta": {
                            "schema_version": 0
                        },
                        "tainted": false
                    },
                    "deposed": [],
                    "provider": "provider.aws"
                },
                "aws_iam_role.tfer--aws-elasticbeanstalk-ec2-role": {
                    "type": "aws_iam_role",
                    "depends_on": [],
                    "primary": {
                        "id": "aws-elasticbeanstalk-ec2-role",
                        "attributes": {
                            "arn": "arn:aws:iam::211125588594:role/aws-elasticbeanstalk-ec2-role",
                            "assume_role_policy": "{\"Version\":\"2012-10-17\",\"Statement\":[{\"Effect\":\"Allow\",\"Principal\":{\"Service\":\"ec2.amazonaws.com\"},\"Action\":\"sts:AssumeRole\"}]}",
                            "create_date": "2024-05-28T15:52:19Z",
                            "description": "Allows EC2 instances to call AWS services on your behalf.",
                            "id": "aws-elasticbeanstalk-ec2-role",
                            "inline_policy.#": "1",
                            "inline_policy.0.name": "",
                            "inline_policy.0.policy": "",
                            "managed_policy_arns.#": "4",
                            "managed_policy_arns.0": "arn:aws:iam::aws:policy/AWSElasticBeanstalkMulticontainerDocker",
                            "managed_policy_arns.1": "arn:aws:iam::aws:policy/AWSElasticBeanstalkWebTier",
                            "managed_policy_arns.2": "arn:aws:iam::aws:policy/AWSElasticBeanstalkWorkerTier",
                            "managed_policy_arns.3": "arn:aws:iam::aws:policy/AmazonEC2ContainerRegistryReadOnly",
                            "max_session_duration": "3600",
                            "name": "aws-elasticbeanstalk-ec2-role",
                            "name_prefix": "",
                            "path": "/",
                            "tags.%": "0",
                            "tags_all.%": "0",
                            "unique_id": "AROATCKAQ2JZJTNI55F3F"
                        },
                        "meta": {
                            "schema_version": 0
                        },
                        "tainted": false
                    },
                    "deposed": [],
                    "provider": "provider.aws"
                },
                "aws_iam_role.tfer--aws-elasticbeanstalk-service-role": {
                    "type": "aws_iam_role",
                    "depends_on": [],
                    "primary": {
                        "id": "aws-elasticbeanstalk-service-role",
                        "attributes": {
                            "arn": "arn:aws:iam::211125588594:role/aws-elasticbeanstalk-service-role",
                            "assume_role_policy": "{\"Version\":\"2012-10-17\",\"Statement\":[{\"Sid\":\"\",\"Effect\":\"Allow\",\"Principal\":{\"Service\":\"elasticbeanstalk.amazonaws.com\"},\"Action\":\"sts:AssumeRole\",\"Condition\":{\"StringEquals\":{\"sts:ExternalId\":\"elasticbeanstalk\"}}}]}",
                            "create_date": "2024-05-28T15:48:58Z",
                            "description": "Allows Elastic Beanstalk to create and manage AWS resources on your behalf.",
                            "id": "aws-elasticbeanstalk-service-role",
                            "inline_policy.#": "1",
                            "inline_policy.0.name": "",
                            "inline_policy.0.policy": "",
                            "managed_policy_arns.#": "3",
                            "managed_policy_arns.0": "arn:aws:iam::aws:policy/AWSElasticBeanstalkManagedUpdatesCustomerRolePolicy",
                            "managed_policy_arns.1": "arn:aws:iam::aws:policy/service-role/AWSElasticBeanstalkEnhancedHealth",
                            "managed_policy_arns.2": "arn:aws:iam::aws:policy/service-role/AWSElasticBeanstalkService",
                            "max_session_duration": "3600",
                            "name": "aws-elasticbeanstalk-service-role",
                            "name_prefix": "",
                            "path": "/",
                            "tags.%": "0",
                            "tags_all.%": "0",
                            "unique_id": "AROATCKAQ2JZOC4VRTEFG"
                        },
                        "meta": {
                            "schema_version": 0
                        },
                        "tainted": false
                    },
                    "deposed": [],
                    "provider": "provider.aws"
                },
                "aws_iam_role.tfer--beanstalk-role": {
                    "type": "aws_iam_role",
                    "depends_on": [],
                    "primary": {
                        "id": "beanstalk-role",
                        "attributes": {
                            "arn": "arn:aws:iam::211125588594:role/beanstalk-role",
                            "assume_role_policy": "{\"Version\":\"2012-10-17\",\"Statement\":[{\"Effect\":\"Allow\",\"Principal\":{\"Service\":\"ec2.amazonaws.com\"},\"Action\":\"sts:AssumeRole\"}]}",
                            "create_date": "2024-06-02T18:00:56Z",
                            "description": "",
                            "id": "beanstalk-role",
                            "inline_policy.#": "1",
                            "inline_policy.0.name": "",
                            "inline_policy.0.policy": "",
                            "managed_policy_arns.#": "0",
                            "max_session_duration": "3600",
                            "name": "beanstalk-role",
                            "name_prefix": "",
                            "path": "/",
                            "tags.%": "0",
                            "tags_all.%": "0",
                            "unique_id": "AROATCKAQ2JZJEVUI36BO"
                        },
                        "meta": {
                            "schema_version": 0
                        },
                        "tainted": false
                    },
                    "deposed": [],
                    "provider": "provider.aws"
                },
                "aws_iam_role.tfer--ecsInstanceRole": {
                    "type": "aws_iam_role",
                    "depends_on": [],
                    "primary": {
                        "id": "ecsInstanceRole",
                        "attributes": {
                            "arn": "arn:aws:iam::211125588594:role/ecsInstanceRole",
                            "assume_role_policy": "{\"Version\":\"2008-10-17\",\"Statement\":[{\"Sid\":\"\",\"Effect\":\"Allow\",\"Principal\":{\"Service\":\"ec2.amazonaws.com\"},\"Action\":\"sts:AssumeRole\"}]}",
                            "create_date": "2024-05-28T14:15:02Z",
                            "description": "",
                            "id": "ecsInstanceRole",
                            "inline_policy.#": "1",
                            "inline_policy.0.name": "",
                            "inline_policy.0.policy": "",
                            "managed_policy_arns.#": "1",
                            "managed_policy_arns.0": "arn:aws:iam::aws:policy/service-role/AmazonEC2ContainerServiceforEC2Role",
                            "max_session_duration": "3600",
                            "name": "ecsInstanceRole",
                            "name_prefix": "",
                            "path": "/",
                            "tags.%": "0",
                            "tags_all.%": "0",
                            "unique_id": "AROATCKAQ2JZHHRI7TFCQ"
                        },
                        "meta": {
                            "schema_version": 0
                        },
                        "tainted": false
                    },
                    "deposed": [],
                    "provider": "provider.aws"
                },
                "aws_iam_role.tfer--gitlab-ci-role": {
                    "type": "aws_iam_role",
                    "depends_on": [],
                    "primary": {
                        "id": "gitlab-ci-role",
                        "attributes": {
                            "arn": "arn:aws:iam::211125588594:role/gitlab-ci-role",
                            "assume_role_policy": "{\"Version\":\"2012-10-17\",\"Statement\":[{\"Effect\":\"Allow\",\"Principal\":{\"AWS\":\"arn:aws:iam::211125588594:user/gitlab-ci-user\"},\"Action\":\"sts:AssumeRole\"}]}",
                            "create_date": "2024-05-31T09:37:09Z",
                            "description": "",
                            "id": "gitlab-ci-role",
                            "inline_policy.#": "1",
                            "inline_policy.0.name": "",
                            "inline_policy.0.policy": "",
                            "managed_policy_arns.#": "1",
                            "managed_policy_arns.0": "arn:aws:iam::211125588594:policy/gitlab-ci-policy",
                            "max_session_duration": "3600",
                            "name": "gitlab-ci-role",
                            "name_prefix": "",
                            "path": "/",
                            "tags.%": "0",
                            "tags_all.%": "0",
                            "unique_id": "AROATCKAQ2JZHDXGANVXU"
                        },
                        "meta": {
                            "schema_version": 0
                        },
                        "tainted": false
                    },
                    "deposed": [],
                    "provider": "provider.aws"
                },
                "aws_iam_role.tfer--rds-monitoring-role": {
                    "type": "aws_iam_role",
                    "depends_on": [],
                    "primary": {
                        "id": "rds-monitoring-role",
                        "attributes": {
                            "arn": "arn:aws:iam::211125588594:role/rds-monitoring-role",
                            "assume_role_policy": "{\"Version\":\"2012-10-17\",\"Statement\":[{\"Sid\":\"\",\"Effect\":\"Allow\",\"Principal\":{\"Service\":\"monitoring.rds.amazonaws.com\"},\"Action\":\"sts:AssumeRole\"}]}",
                            "create_date": "2024-05-26T19:12:49Z",
                            "description": "",
                            "id": "rds-monitoring-role",
                            "inline_policy.#": "1",
                            "inline_policy.0.name": "",
                            "inline_policy.0.policy": "",
                            "managed_policy_arns.#": "1",
                            "managed_policy_arns.0": "arn:aws:iam::aws:policy/service-role/AmazonRDSEnhancedMonitoringRole",
                            "max_session_duration": "3600",
                            "name": "rds-monitoring-role",
                            "name_prefix": "",
                            "path": "/",
                            "tags.%": "0",
                            "tags_all.%": "0",
                            "unique_id": "AROATCKAQ2JZIK3AB44P6"
                        },
                        "meta": {
                            "schema_version": 0
                        },
                        "tainted": false
                    },
                    "deposed": [],
                    "provider": "provider.aws"
                },
                "aws_iam_role.tfer--s3_cicd_deploy_role": {
                    "type": "aws_iam_role",
                    "depends_on": [],
                    "primary": {
                        "id": "s3_cicd_deploy_role",
                        "attributes": {
                            "arn": "arn:aws:iam::211125588594:role/s3_cicd_deploy_role",
                            "assume_role_policy": "{\"Version\":\"2012-10-17\",\"Statement\":[{\"Effect\":\"Allow\",\"Principal\":{\"Federated\":\"arn:aws:iam::211125588594:oidc-provider/africaone.dev\"},\"Action\":\"sts:AssumeRoleWithWebIdentity\",\"Condition\":{\"StringEquals\":{\"africaone.dev:aud\":[\"vue_client\",\"react_client\"]}}}]}",
                            "create_date": "2024-05-13T01:26:00Z",
                            "description": "",
                            "id": "s3_cicd_deploy_role",
                            "inline_policy.#": "1",
                            "inline_policy.0.name": "s3-buckets-deploy-policy",
                            "inline_policy.0.policy": "{\n    \"Version\": \"2012-10-17\",\n    \"Statement\": [\n        {\n            \"Sid\": \"VisualEditor0\",\n            \"Effect\": \"Allow\",\n            \"Action\": \"s3:ListBucket\",\n            \"Resource\": \"arn:aws:s3:::eposta-api-integration-react\"\n        },\n        {\n            \"Sid\": \"VisualEditor1\",\n            \"Effect\": \"Allow\",\n            \"Action\": [\n                \"s3:PutObject\",\n                \"s3:GetObject\",\n                \"s3:DeleteObject\"\n            ],\n            \"Resource\": [\n                \"arn:aws:s3:::admin.das.ug/*\",\n                \"arn:aws:s3:::das.ug/*\",\n                \"arn:aws:s3:::eposta-integration.das.ug/*\",\n                \"arn:aws:s3:::zaidi.ug/*\"\n                ]\n        }\n    ]\n}",
                            "managed_policy_arns.#": "0",
                            "max_session_duration": "3600",
                            "name": "s3_cicd_deploy_role",
                            "name_prefix": "",
                            "path": "/",
                            "tags.%": "0",
                            "tags_all.%": "0",
                            "unique_id": "AROATCKAQ2JZJ5HJFZ5TR"
                        },
                        "meta": {
                            "schema_version": 0
                        },
                        "tainted": false
                    },
                    "deposed": [],
                    "provider": "provider.aws"
                },
                "aws_iam_role.tfer--ugdas-beanstalk-instance-role": {
                    "type": "aws_iam_role",
                    "depends_on": [],
                    "primary": {
                        "id": "ugdas-beanstalk-instance-role",
                        "attributes": {
                            "arn": "arn:aws:iam::211125588594:role/ugdas-beanstalk-instance-role",
                            "assume_role_policy": "{\"Version\":\"2012-10-17\",\"Statement\":[{\"Effect\":\"Allow\",\"Principal\":{\"Service\":\"ec2.amazonaws.com\"},\"Action\":\"sts:AssumeRole\"}]}",
                            "create_date": "2024-06-03T10:36:29Z",
                            "description": "",
                            "id": "ugdas-beanstalk-instance-role",
                            "inline_policy.#": "1",
                            "inline_policy.0.name": "ugdas-additional-ec2-permissions",
                            "inline_policy.0.policy": "{\"Statement\":[{\"Action\":\"ecr:*\",\"Effect\":\"Allow\",\"Resource\":\"*\"}],\"Version\":\"2012-10-17\"}",
                            "managed_policy_arns.#": "2",
                            "managed_policy_arns.0": "arn:aws:iam::aws:policy/AWSElasticBeanstalkMulticontainerDocker",
                            "managed_policy_arns.1": "arn:aws:iam::aws:policy/AWSElasticBeanstalkWebTier",
                            "max_session_duration": "3600",
                            "name": "ugdas-beanstalk-instance-role",
                            "name_prefix": "",
                            "path": "/",
                            "tags.%": "0",
                            "tags_all.%": "0",
                            "unique_id": "AROATCKAQ2JZLEJQFWQC6"
                        },
                        "meta": {
                            "schema_version": 0
                        },
                        "tainted": false
                    },
                    "deposed": [],
                    "provider": "provider.aws"
                },
                "aws_iam_role.tfer--ugdas-beanstalk-service-role": {
                    "type": "aws_iam_role",
                    "depends_on": [],
                    "primary": {
                        "id": "ugdas-beanstalk-service-role",
                        "attributes": {
                            "arn": "arn:aws:iam::211125588594:role/ugdas-beanstalk-service-role",
                            "assume_role_policy": "{\"Version\":\"2012-10-17\",\"Statement\":[{\"Effect\":\"Allow\",\"Principal\":{\"Service\":\"elasticbeanstalk.amazonaws.com\"},\"Action\":\"sts:AssumeRole\"}]}",
                            "create_date": "2024-06-03T10:36:29Z",
                            "description": "",
                            "id": "ugdas-beanstalk-service-role",
                            "inline_policy.#": "1",
                            "inline_policy.0.name": "",
                            "inline_policy.0.policy": "",
                            "managed_policy_arns.#": "1",
                            "managed_policy_arns.0": "arn:aws:iam::aws:policy/service-role/AWSElasticBeanstalkEnhancedHealth",
                            "max_session_duration": "3600",
                            "name": "ugdas-beanstalk-service-role",
                            "name_prefix": "",
                            "path": "/",
                            "tags.%": "0",
                            "tags_all.%": "0",
                            "unique_id": "AROATCKAQ2JZPKRESXI3H"
                        },
                        "meta": {
                            "schema_version": 0
                        },
                        "tainted": false
                    },
                    "deposed": [],
                    "provider": "provider.aws"
                },
                "aws_iam_role.tfer--ugdas-environment-eb-ec2": {
                    "type": "aws_iam_role",
                    "depends_on": [],
                    "primary": {
                        "id": "ugdas-environment-eb-ec2",
                        "attributes": {
                            "arn": "arn:aws:iam::211125588594:role/ugdas-environment-eb-ec2",
                            "assume_role_policy": "{\"Version\":\"2012-10-17\",\"Statement\":[{\"Effect\":\"Allow\",\"Principal\":{\"Service\":\"ec2.amazonaws.com\"},\"Action\":\"sts:AssumeRole\"},{\"Effect\":\"Allow\",\"Principal\":{\"Service\":\"ssm.amazonaws.com\"},\"Action\":\"sts:AssumeRole\"}]}",
                            "create_date": "2024-06-03T09:46:06Z",
                            "description": "",
                            "id": "ugdas-environment-eb-ec2",
                            "inline_policy.#": "1",
                            "inline_policy.0.name": "",
                            "inline_policy.0.policy": "",
                            "managed_policy_arns.#": "0",
                            "max_session_duration": "3600",
                            "name": "ugdas-environment-eb-ec2",
                            "name_prefix": "",
                            "path": "/",
                            "tags.%": "1",
                            "tags.Name": "ugdas-environment",
                            "tags_all.%": "1",
                            "tags_all.Name": "ugdas-environment",
                            "unique_id": "AROATCKAQ2JZPWP6T5WAE"
                        },
                        "meta": {
                            "schema_version": 0
                        },
                        "tainted": false
                    },
                    "deposed": [],
                    "provider": "provider.aws"
                },
                "aws_iam_role.tfer--ugdas-environment-eb-service": {
                    "type": "aws_iam_role",
                    "depends_on": [],
                    "primary": {
                        "id": "ugdas-environment-eb-service",
                        "attributes": {
                            "arn": "arn:aws:iam::211125588594:role/ugdas-environment-eb-service",
                            "assume_role_policy": "{\"Version\":\"2012-10-17\",\"Statement\":[{\"Effect\":\"Allow\",\"Principal\":{\"Service\":\"elasticbeanstalk.amazonaws.com\"},\"Action\":\"sts:AssumeRole\"}]}",
                            "create_date": "2024-06-03T09:46:06Z",
                            "description": "",
                            "id": "ugdas-environment-eb-service",
                            "inline_policy.#": "1",
                            "inline_policy.0.name": "",
                            "inline_policy.0.policy": "",
                            "managed_policy_arns.#": "0",
                            "max_session_duration": "3600",
                            "name": "ugdas-environment-eb-service",
                            "name_prefix": "",
                            "path": "/",
                            "tags.%": "1",
                            "tags.Name": "ugdas-environment",
                            "tags_all.%": "1",
                            "tags_all.Name": "ugdas-environment",
                            "unique_id": "AROATCKAQ2JZDV2QBCSVT"
                        },
                        "meta": {
                            "schema_version": 0
                        },
                        "tainted": false
                    },
                    "deposed": [],
                    "provider": "provider.aws"
                },
                "aws_iam_role.tfer--ugdas-role": {
                    "type": "aws_iam_role",
                    "depends_on": [],
                    "primary": {
                        "id": "ugdas-role",
                        "attributes": {
                            "arn": "arn:aws:iam::211125588594:role/ugdas-role",
                            "assume_role_policy": "{\"Version\":\"2012-10-17\",\"Statement\":[{\"Effect\":\"Allow\",\"Principal\":{\"Service\":\"ec2.amazonaws.com\"},\"Action\":\"sts:AssumeRole\"}]}",
                            "create_date": "2024-06-02T13:24:48Z",
                            "description": "",
                            "id": "ugdas-role",
                            "inline_policy.#": "1",
                            "inline_policy.0.name": "ugdas-policy",
                            "inline_policy.0.policy": "{\"Statement\":[{\"Action\":[\"ec2:Describe*\",\"elasticloadbalancing:Describe*\",\"cloudwatch:PutMetricData\",\"cloudwatch:ListMetrics\",\"cloudwatch:GetMetricStatistics\",\"autoscaling:Describe*\",\"s3:*\",\"logs:*\",\"ecr:*\"],\"Effect\":\"Allow\",\"Resource\":\"*\"}],\"Version\":\"2012-10-17\"}",
                            "managed_policy_arns.#": "0",
                            "max_session_duration": "3600",
                            "name": "ugdas-role",
                            "name_prefix": "",
                            "path": "/",
                            "tags.%": "0",
                            "tags_all.%": "0",
                            "unique_id": "AROATCKAQ2JZOWMK7G4R3"
                        },
                        "meta": {
                            "schema_version": 0
                        },
                        "tainted": false
                    },
                    "deposed": [],
                    "provider": "provider.aws"
                },
                "aws_iam_role_policy.tfer--api_registry_role_ElasticBeanstalkECSTaskForCICD": {
                    "type": "aws_iam_role_policy",
                    "depends_on": [],
                    "primary": {
                        "id": "api_registry_role:ElasticBeanstalkECSTaskForCICD",
                        "attributes": {
                            "id": "api_registry_role:ElasticBeanstalkECSTaskForCICD",
                            "name": "ElasticBeanstalkECSTaskForCICD",
                            "policy": "{\n\t\"Version\": \"2012-10-17\",\n\t\"Statement\": [\n\t\t{\n\t\t\t\"Sid\": \"VisualEditor0\",\n\t\t\t\"Effect\": \"Allow\",\n\t\t\t\"Action\": \"ecs:RegisterTaskDefinition\",\n\t\t\t\"Resource\": \"*\"\n\t\t}\n\t]\n}",
                            "role": "api_registry_role"
                        },
                        "meta": {
                            "schema_version": 0
                        },
                        "tainted": false
                    },
                    "deposed": [],
                    "provider": "provider.aws"
                },
                "aws_iam_role_policy.tfer--api_registry_role_ElasticBeanstalkPolicyForCICD": {
                    "type": "aws_iam_role_policy",
                    "depends_on": [],
                    "primary": {
                        "id": "api_registry_role:ElasticBeanstalkPolicyForCICD",
                        "attributes": {
                            "id": "api_registry_role:ElasticBeanstalkPolicyForCICD",
                            "name": "ElasticBeanstalkPolicyForCICD",
                            "policy": "{\n\t\"Version\": \"2012-10-17\",\n\t\"Statement\": [\n\t\t{\n\t\t\t\"Sid\": \"VisualEditor0\",\n\t\t\t\"Effect\": \"Allow\",\n\t\t\t\"Action\": [\n\t\t\t \"elasticbeanstalk:*\",\n                \"s3:*\",\n                \"ec2:*\",\n                \"cloudwatch:*\",\n                \"autoscaling:*\",\n                \"elasticloadbalancing:*\",\n                \"rds:*\",\n                \"cloudformation:*\",\n                \"iam:PassRole\"\n\t\t\t],\n\t\t\t\"Resource\": \"*\"\n\t\t}\n\t]\n}",
                            "role": "api_registry_role"
                        },
                        "meta": {
                            "schema_version": 0
                        },
                        "tainted": false
                    },
                    "deposed": [],
                    "provider": "provider.aws"
                },
                "aws_iam_role_policy.tfer--api_registry_role_S3PutObjectForCICD": {
                    "type": "aws_iam_role_policy",
                    "depends_on": [],
                    "primary": {
                        "id": "api_registry_role:S3PutObjectForCICD",
                        "attributes": {
                            "id": "api_registry_role:S3PutObjectForCICD",
                            "name": "S3PutObjectForCICD",
                            "policy": "{\n\t\"Version\": \"2012-10-17\",\n\t\"Statement\": [\n\t\t{\n\t\t\t\"Sid\": \"VisualEditor0\",\n\t\t\t\"Effect\": \"Allow\",\n\t\t\t\"Action\": \"s3:*\",\n\t\t\t\"Resource\": \"arn:aws:s3:::elasticbeanstalk-af-south-1-211125588594/*\"\n\t\t}\n\t]\n}",
                            "role": "api_registry_role"
                        },
                        "meta": {
                            "schema_version": 0
                        },
                        "tainted": false
                    },
                    "deposed": [],
                    "provider": "provider.aws"
                },
                "aws_iam_role_policy.tfer--s3_cicd_deploy_role_s3-buckets-deploy-policy": {
                    "type": "aws_iam_role_policy",
                    "depends_on": [],
                    "primary": {
                        "id": "s3_cicd_deploy_role:s3-buckets-deploy-policy",
                        "attributes": {
                            "id": "s3_cicd_deploy_role:s3-buckets-deploy-policy",
                            "name": "s3-buckets-deploy-policy",
                            "policy": "{\n    \"Version\": \"2012-10-17\",\n    \"Statement\": [\n        {\n            \"Sid\": \"VisualEditor0\",\n            \"Effect\": \"Allow\",\n            \"Action\": \"s3:ListBucket\",\n            \"Resource\": \"arn:aws:s3:::eposta-api-integration-react\"\n        },\n        {\n            \"Sid\": \"VisualEditor1\",\n            \"Effect\": \"Allow\",\n            \"Action\": [\n                \"s3:PutObject\",\n                \"s3:GetObject\",\n                \"s3:DeleteObject\"\n            ],\n            \"Resource\": [\n                \"arn:aws:s3:::admin.das.ug/*\",\n                \"arn:aws:s3:::das.ug/*\",\n                \"arn:aws:s3:::eposta-integration.das.ug/*\",\n                \"arn:aws:s3:::zaidi.ug/*\"\n                ]\n        }\n    ]\n}",
                            "role": "s3_cicd_deploy_role"
                        },
                        "meta": {
                            "schema_version": 0
                        },
                        "tainted": false
                    },
                    "deposed": [],
                    "provider": "provider.aws"
                },
                "aws_iam_role_policy.tfer--ugdas-beanstalk-instance-role_ugdas-additional-ec2-permissions": {
                    "type": "aws_iam_role_policy",
                    "depends_on": [],
                    "primary": {
                        "id": "ugdas-beanstalk-instance-role:ugdas-additional-ec2-permissions",
                        "attributes": {
                            "id": "ugdas-beanstalk-instance-role:ugdas-additional-ec2-permissions",
                            "name": "ugdas-additional-ec2-permissions",
                            "policy": "{\"Statement\":[{\"Action\":\"ecr:*\",\"Effect\":\"Allow\",\"Resource\":\"*\"}],\"Version\":\"2012-10-17\"}",
                            "role": "ugdas-beanstalk-instance-role"
                        },
                        "meta": {
                            "schema_version": 0
                        },
                        "tainted": false
                    },
                    "deposed": [],
                    "provider": "provider.aws"
                },
                "aws_iam_role_policy.tfer--ugdas-role_ugdas-policy": {
                    "type": "aws_iam_role_policy",
                    "depends_on": [],
                    "primary": {
                        "id": "ugdas-role:ugdas-policy",
                        "attributes": {
                            "id": "ugdas-role:ugdas-policy",
                            "name": "ugdas-policy",
                            "policy": "{\"Statement\":[{\"Action\":[\"ec2:Describe*\",\"elasticloadbalancing:Describe*\",\"cloudwatch:PutMetricData\",\"cloudwatch:ListMetrics\",\"cloudwatch:GetMetricStatistics\",\"autoscaling:Describe*\",\"s3:*\",\"logs:*\",\"ecr:*\"],\"Effect\":\"Allow\",\"Resource\":\"*\"}],\"Version\":\"2012-10-17\"}",
                            "role": "ugdas-role"
                        },
                        "meta": {
                            "schema_version": 0
                        },
                        "tainted": false
                    },
                    "deposed": [],
                    "provider": "provider.aws"
                },
                "aws_iam_role_policy_attachment.tfer--AWSServiceRoleForAutoScaling_AutoScalingServiceRolePolicy": {
                    "type": "aws_iam_role_policy_attachment",
                    "depends_on": [],
                    "primary": {
                        "id": "AWSServiceRoleForAutoScaling/arn:aws:iam::aws:policy/aws-service-role/AutoScalingServiceRolePolicy",
                        "attributes": {
                            "id": "AWSServiceRoleForAutoScaling/arn:aws:iam::aws:policy/aws-service-role/AutoScalingServiceRolePolicy",
                            "policy_arn": "arn:aws:iam::aws:policy/aws-service-role/AutoScalingServiceRolePolicy",
                            "role": "AWSServiceRoleForAutoScaling"
                        },
                        "meta": {
                            "schema_version": 0
                        },
                        "tainted": false
                    },
                    "deposed": [],
                    "provider": "provider.aws"
                },
                "aws_iam_role_policy_attachment.tfer--AWSServiceRoleForECS_AmazonECSServiceRolePolicy": {
                    "type": "aws_iam_role_policy_attachment",
                    "depends_on": [],
                    "primary": {
                        "id": "AWSServiceRoleForECS/arn:aws:iam::aws:policy/aws-service-role/AmazonECSServiceRolePolicy",
                        "attributes": {
                            "id": "AWSServiceRoleForECS/arn:aws:iam::aws:policy/aws-service-role/AmazonECSServiceRolePolicy",
                            "policy_arn": "arn:aws:iam::aws:policy/aws-service-role/AmazonECSServiceRolePolicy",
                            "role": "AWSServiceRoleForECS"
                        },
                        "meta": {
                            "schema_version": 0
                        },
                        "tainted": false
                    },
                    "deposed": [],
                    "provider": "provider.aws"
                },
                "aws_iam_role_policy_attachment.tfer--AWSServiceRoleForEc2InstanceConnect_Ec2InstanceConnectEndpoint": {
                    "type": "aws_iam_role_policy_attachment",
                    "depends_on": [],
                    "primary": {
                        "id": "AWSServiceRoleForEc2InstanceConnect/arn:aws:iam::aws:policy/aws-service-role/Ec2InstanceConnectEndpoint",
                        "attributes": {
                            "id": "AWSServiceRoleForEc2InstanceConnect/arn:aws:iam::aws:policy/aws-service-role/Ec2InstanceConnectEndpoint",
                            "policy_arn": "arn:aws:iam::aws:policy/aws-service-role/Ec2InstanceConnectEndpoint",
                            "role": "AWSServiceRoleForEc2InstanceConnect"
                        },
                        "meta": {
                            "schema_version": 0
                        },
                        "tainted": false
                    },
                    "deposed": [],
                    "provider": "provider.aws"
                },
                "aws_iam_role_policy_attachment.tfer--AWSServiceRoleForElastiCache_ElastiCacheServiceRolePolicy": {
                    "type": "aws_iam_role_policy_attachment",
                    "depends_on": [],
                    "primary": {
                        "id": "AWSServiceRoleForElastiCache/arn:aws:iam::aws:policy/aws-service-role/ElastiCacheServiceRolePolicy",
                        "attributes": {
                            "id": "AWSServiceRoleForElastiCache/arn:aws:iam::aws:policy/aws-service-role/ElastiCacheServiceRolePolicy",
                            "policy_arn": "arn:aws:iam::aws:policy/aws-service-role/ElastiCacheServiceRolePolicy",
                            "role": "AWSServiceRoleForElastiCache"
                        },
                        "meta": {
                            "schema_version": 0
                        },
                        "tainted": false
                    },
                    "deposed": [],
                    "provider": "provider.aws"
                },
                "aws_iam_role_policy_attachment.tfer--AWSServiceRoleForElasticBeanstalk_AWSElasticBeanstalkServiceRolePolicy": {
                    "type": "aws_iam_role_policy_attachment",
                    "depends_on": [],
                    "primary": {
                        "id": "AWSServiceRoleForElasticBeanstalk/arn:aws:iam::aws:policy/aws-service-role/AWSElasticBeanstalkServiceRolePolicy",
                        "attributes": {
                            "id": "AWSServiceRoleForElasticBeanstalk/arn:aws:iam::aws:policy/aws-service-role/AWSElasticBeanstalkServiceRolePolicy",
                            "policy_arn": "arn:aws:iam::aws:policy/aws-service-role/AWSElasticBeanstalkServiceRolePolicy",
                            "role": "AWSServiceRoleForElasticBeanstalk"
                        },
                        "meta": {
                            "schema_version": 0
                        },
                        "tainted": false
                    },
                    "deposed": [],
                    "provider": "provider.aws"
                },
                "aws_iam_role_policy_attachment.tfer--AWSServiceRoleForElasticLoadBalancing_AWSElasticLoadBalancingServiceRolePolicy": {
                    "type": "aws_iam_role_policy_attachment",
                    "depends_on": [],
                    "primary": {
                        "id": "AWSServiceRoleForElasticLoadBalancing/arn:aws:iam::aws:policy/aws-service-role/AWSElasticLoadBalancingServiceRolePolicy",
                        "attributes": {
                            "id": "AWSServiceRoleForElasticLoadBalancing/arn:aws:iam::aws:policy/aws-service-role/AWSElasticLoadBalancingServiceRolePolicy",
                            "policy_arn": "arn:aws:iam::aws:policy/aws-service-role/AWSElasticLoadBalancingServiceRolePolicy",
                            "role": "AWSServiceRoleForElasticLoadBalancing"
                        },
                        "meta": {
                            "schema_version": 0
                        },
                        "tainted": false
                    },
                    "deposed": [],
                    "provider": "provider.aws"
                },
                "aws_iam_role_policy_attachment.tfer--AWSServiceRoleForGlobalAccelerator_AWSGlobalAcceleratorSLRPolicy": {
                    "type": "aws_iam_role_policy_attachment",
                    "depends_on": [],
                    "primary": {
                        "id": "AWSServiceRoleForGlobalAccelerator/arn:aws:iam::aws:policy/aws-service-role/AWSGlobalAcceleratorSLRPolicy",
                        "attributes": {
                            "id": "AWSServiceRoleForGlobalAccelerator/arn:aws:iam::aws:policy/aws-service-role/AWSGlobalAcceleratorSLRPolicy",
                            "policy_arn": "arn:aws:iam::aws:policy/aws-service-role/AWSGlobalAcceleratorSLRPolicy",
                            "role": "AWSServiceRoleForGlobalAccelerator"
                        },
                        "meta": {
                            "schema_version": 0
                        },
                        "tainted": false
                    },
                    "deposed": [],
                    "provider": "provider.aws"
                },
                "aws_iam_role_policy_attachment.tfer--AWSServiceRoleForRDS_AmazonRDSServiceRolePolicy": {
                    "type": "aws_iam_role_policy_attachment",
                    "depends_on": [],
                    "primary": {
                        "id": "AWSServiceRoleForRDS/arn:aws:iam::aws:policy/aws-service-role/AmazonRDSServiceRolePolicy",
                        "attributes": {
                            "id": "AWSServiceRoleForRDS/arn:aws:iam::aws:policy/aws-service-role/AmazonRDSServiceRolePolicy",
                            "policy_arn": "arn:aws:iam::aws:policy/aws-service-role/AmazonRDSServiceRolePolicy",
                            "role": "AWSServiceRoleForRDS"
                        },
                        "meta": {
                            "schema_version": 0
                        },
                        "tainted": false
                    },
                    "deposed": [],
                    "provider": "provider.aws"
                },
                "aws_iam_role_policy_attachment.tfer--AWSServiceRoleForSupport_AWSSupportServiceRolePolicy": {
                    "type": "aws_iam_role_policy_attachment",
                    "depends_on": [],
                    "primary": {
                        "id": "AWSServiceRoleForSupport/arn:aws:iam::aws:policy/aws-service-role/AWSSupportServiceRolePolicy",
                        "attributes": {
                            "id": "AWSServiceRoleForSupport/arn:aws:iam::aws:policy/aws-service-role/AWSSupportServiceRolePolicy",
                            "policy_arn": "arn:aws:iam::aws:policy/aws-service-role/AWSSupportServiceRolePolicy",
                            "role": "AWSServiceRoleForSupport"
                        },
                        "meta": {
                            "schema_version": 0
                        },
                        "tainted": false
                    },
                    "deposed": [],
                    "provider": "provider.aws"
                },
                "aws_iam_role_policy_attachment.tfer--AWSServiceRoleForTrustedAdvisor_AWSTrustedAdvisorServiceRolePolicy": {
                    "type": "aws_iam_role_policy_attachment",
                    "depends_on": [],
                    "primary": {
                        "id": "AWSServiceRoleForTrustedAdvisor/arn:aws:iam::aws:policy/aws-service-role/AWSTrustedAdvisorServiceRolePolicy",
                        "attributes": {
                            "id": "AWSServiceRoleForTrustedAdvisor/arn:aws:iam::aws:policy/aws-service-role/AWSTrustedAdvisorServiceRolePolicy",
                            "policy_arn": "arn:aws:iam::aws:policy/aws-service-role/AWSTrustedAdvisorServiceRolePolicy",
                            "role": "AWSServiceRoleForTrustedAdvisor"
                        },
                        "meta": {
                            "schema_version": 0
                        },
                        "tainted": false
                    },
                    "deposed": [],
                    "provider": "provider.aws"
                },
                "aws_iam_role_policy_attachment.tfer--api_registry_role_AmazonEC2ContainerRegistryPowerUser": {
                    "type": "aws_iam_role_policy_attachment",
                    "depends_on": [],
                    "primary": {
                        "id": "api_registry_role/arn:aws:iam::aws:policy/AmazonEC2ContainerRegistryPowerUser",
                        "attributes": {
                            "id": "api_registry_role/arn:aws:iam::aws:policy/AmazonEC2ContainerRegistryPowerUser",
                            "policy_arn": "arn:aws:iam::aws:policy/AmazonEC2ContainerRegistryPowerUser",
                            "role": "api_registry_role"
                        },
                        "meta": {
                            "schema_version": 0
                        },
                        "tainted": false
                    },
                    "deposed": [],
                    "provider": "provider.aws"
                },
                "aws_iam_role_policy_attachment.tfer--aws-elasticbeanstalk-ec2-role_AWSElasticBeanstalkMulticontainerDocker": {
                    "type": "aws_iam_role_policy_attachment",
                    "depends_on": [],
                    "primary": {
                        "id": "aws-elasticbeanstalk-ec2-role/arn:aws:iam::aws:policy/AWSElasticBeanstalkMulticontainerDocker",
                        "attributes": {
                            "id": "aws-elasticbeanstalk-ec2-role/arn:aws:iam::aws:policy/AWSElasticBeanstalkMulticontainerDocker",
                            "policy_arn": "arn:aws:iam::aws:policy/AWSElasticBeanstalkMulticontainerDocker",
                            "role": "aws-elasticbeanstalk-ec2-role"
                        },
                        "meta": {
                            "schema_version": 0
                        },
                        "tainted": false
                    },
                    "deposed": [],
                    "provider": "provider.aws"
                },
                "aws_iam_role_policy_attachment.tfer--aws-elasticbeanstalk-ec2-role_AWSElasticBeanstalkWebTier": {
                    "type": "aws_iam_role_policy_attachment",
                    "depends_on": [],
                    "primary": {
                        "id": "aws-elasticbeanstalk-ec2-role/arn:aws:iam::aws:policy/AWSElasticBeanstalkWebTier",
                        "attributes": {
                            "id": "aws-elasticbeanstalk-ec2-role/arn:aws:iam::aws:policy/AWSElasticBeanstalkWebTier",
                            "policy_arn": "arn:aws:iam::aws:policy/AWSElasticBeanstalkWebTier",
                            "role": "aws-elasticbeanstalk-ec2-role"
                        },
                        "meta": {
                            "schema_version": 0
                        },
                        "tainted": false
                    },
                    "deposed": [],
                    "provider": "provider.aws"
                },
                "aws_iam_role_policy_attachment.tfer--aws-elasticbeanstalk-ec2-role_AWSElasticBeanstalkWorkerTier": {
                    "type": "aws_iam_role_policy_attachment",
                    "depends_on": [],
                    "primary": {
                        "id": "aws-elasticbeanstalk-ec2-role/arn:aws:iam::aws:policy/AWSElasticBeanstalkWorkerTier",
                        "attributes": {
                            "id": "aws-elasticbeanstalk-ec2-role/arn:aws:iam::aws:policy/AWSElasticBeanstalkWorkerTier",
                            "policy_arn": "arn:aws:iam::aws:policy/AWSElasticBeanstalkWorkerTier",
                            "role": "aws-elasticbeanstalk-ec2-role"
                        },
                        "meta": {
                            "schema_version": 0
                        },
                        "tainted": false
                    },
                    "deposed": [],
                    "provider": "provider.aws"
                },
                "aws_iam_role_policy_attachment.tfer--aws-elasticbeanstalk-ec2-role_AmazonEC2ContainerRegistryReadOnly": {
                    "type": "aws_iam_role_policy_attachment",
                    "depends_on": [],
                    "primary": {
                        "id": "aws-elasticbeanstalk-ec2-role/arn:aws:iam::aws:policy/AmazonEC2ContainerRegistryReadOnly",
                        "attributes": {
                            "id": "aws-elasticbeanstalk-ec2-role/arn:aws:iam::aws:policy/AmazonEC2ContainerRegistryReadOnly",
                            "policy_arn": "arn:aws:iam::aws:policy/AmazonEC2ContainerRegistryReadOnly",
                            "role": "aws-elasticbeanstalk-ec2-role"
                        },
                        "meta": {
                            "schema_version": 0
                        },
                        "tainted": false
                    },
                    "deposed": [],
                    "provider": "provider.aws"
                },
                "aws_iam_role_policy_attachment.tfer--aws-elasticbeanstalk-service-role_AWSElasticBeanstalkEnhancedHealth": {
                    "type": "aws_iam_role_policy_attachment",
                    "depends_on": [],
                    "primary": {
                        "id": "aws-elasticbeanstalk-service-role/arn:aws:iam::aws:policy/service-role/AWSElasticBeanstalkEnhancedHealth",
                        "attributes": {
                            "id": "aws-elasticbeanstalk-service-role/arn:aws:iam::aws:policy/service-role/AWSElasticBeanstalkEnhancedHealth",
                            "policy_arn": "arn:aws:iam::aws:policy/service-role/AWSElasticBeanstalkEnhancedHealth",
                            "role": "aws-elasticbeanstalk-service-role"
                        },
                        "meta": {
                            "schema_version": 0
                        },
                        "tainted": false
                    },
                    "deposed": [],
                    "provider": "provider.aws"
                },
                "aws_iam_role_policy_attachment.tfer--aws-elasticbeanstalk-service-role_AWSElasticBeanstalkManagedUpdatesCustomerRolePolicy": {
                    "type": "aws_iam_role_policy_attachment",
                    "depends_on": [],
                    "primary": {
                        "id": "aws-elasticbeanstalk-service-role/arn:aws:iam::aws:policy/AWSElasticBeanstalkManagedUpdatesCustomerRolePolicy",
                        "attributes": {
                            "id": "aws-elasticbeanstalk-service-role/arn:aws:iam::aws:policy/AWSElasticBeanstalkManagedUpdatesCustomerRolePolicy",
                            "policy_arn": "arn:aws:iam::aws:policy/AWSElasticBeanstalkManagedUpdatesCustomerRolePolicy",
                            "role": "aws-elasticbeanstalk-service-role"
                        },
                        "meta": {
                            "schema_version": 0
                        },
                        "tainted": false
                    },
                    "deposed": [],
                    "provider": "provider.aws"
                },
                "aws_iam_role_policy_attachment.tfer--aws-elasticbeanstalk-service-role_AWSElasticBeanstalkService": {
                    "type": "aws_iam_role_policy_attachment",
                    "depends_on": [],
                    "primary": {
                        "id": "aws-elasticbeanstalk-service-role/arn:aws:iam::aws:policy/service-role/AWSElasticBeanstalkService",
                        "attributes": {
                            "id": "aws-elasticbeanstalk-service-role/arn:aws:iam::aws:policy/service-role/AWSElasticBeanstalkService",
                            "policy_arn": "arn:aws:iam::aws:policy/service-role/AWSElasticBeanstalkService",
                            "role": "aws-elasticbeanstalk-service-role"
                        },
                        "meta": {
                            "schema_version": 0
                        },
                        "tainted": false
                    },
                    "deposed": [],
                    "provider": "provider.aws"
                },
                "aws_iam_role_policy_attachment.tfer--ecsInstanceRole_AmazonEC2ContainerServiceforEC2Role": {
                    "type": "aws_iam_role_policy_attachment",
                    "depends_on": [],
                    "primary": {
                        "id": "ecsInstanceRole/arn:aws:iam::aws:policy/service-role/AmazonEC2ContainerServiceforEC2Role",
                        "attributes": {
                            "id": "ecsInstanceRole/arn:aws:iam::aws:policy/service-role/AmazonEC2ContainerServiceforEC2Role",
                            "policy_arn": "arn:aws:iam::aws:policy/service-role/AmazonEC2ContainerServiceforEC2Role",
                            "role": "ecsInstanceRole"
                        },
                        "meta": {
                            "schema_version": 0
                        },
                        "tainted": false
                    },
                    "deposed": [],
                    "provider": "provider.aws"
                },
                "aws_iam_role_policy_attachment.tfer--gitlab-ci-role_gitlab-ci-policy": {
                    "type": "aws_iam_role_policy_attachment",
                    "depends_on": [],
                    "primary": {
                        "id": "gitlab-ci-role/arn:aws:iam::211125588594:policy/gitlab-ci-policy",
                        "attributes": {
                            "id": "gitlab-ci-role/arn:aws:iam::211125588594:policy/gitlab-ci-policy",
                            "policy_arn": "arn:aws:iam::211125588594:policy/gitlab-ci-policy",
                            "role": "gitlab-ci-role"
                        },
                        "meta": {
                            "schema_version": 0
                        },
                        "tainted": false
                    },
                    "deposed": [],
                    "provider": "provider.aws"
                },
                "aws_iam_role_policy_attachment.tfer--rds-monitoring-role_AmazonRDSEnhancedMonitoringRole": {
                    "type": "aws_iam_role_policy_attachment",
                    "depends_on": [],
                    "primary": {
                        "id": "rds-monitoring-role/arn:aws:iam::aws:policy/service-role/AmazonRDSEnhancedMonitoringRole",
                        "attributes": {
                            "id": "rds-monitoring-role/arn:aws:iam::aws:policy/service-role/AmazonRDSEnhancedMonitoringRole",
                            "policy_arn": "arn:aws:iam::aws:policy/service-role/AmazonRDSEnhancedMonitoringRole",
                            "role": "rds-monitoring-role"
                        },
                        "meta": {
                            "schema_version": 0
                        },
                        "tainted": false
                    },
                    "deposed": [],
                    "provider": "provider.aws"
                },
                "aws_iam_role_policy_attachment.tfer--ugdas-beanstalk-instance-role_AWSElasticBeanstalkMulticontainerDocker": {
                    "type": "aws_iam_role_policy_attachment",
                    "depends_on": [],
                    "primary": {
                        "id": "ugdas-beanstalk-instance-role/arn:aws:iam::aws:policy/AWSElasticBeanstalkMulticontainerDocker",
                        "attributes": {
                            "id": "ugdas-beanstalk-instance-role/arn:aws:iam::aws:policy/AWSElasticBeanstalkMulticontainerDocker",
                            "policy_arn": "arn:aws:iam::aws:policy/AWSElasticBeanstalkMulticontainerDocker",
                            "role": "ugdas-beanstalk-instance-role"
                        },
                        "meta": {
                            "schema_version": 0
                        },
                        "tainted": false
                    },
                    "deposed": [],
                    "provider": "provider.aws"
                },
                "aws_iam_role_policy_attachment.tfer--ugdas-beanstalk-instance-role_AWSElasticBeanstalkWebTier": {
                    "type": "aws_iam_role_policy_attachment",
                    "depends_on": [],
                    "primary": {
                        "id": "ugdas-beanstalk-instance-role/arn:aws:iam::aws:policy/AWSElasticBeanstalkWebTier",
                        "attributes": {
                            "id": "ugdas-beanstalk-instance-role/arn:aws:iam::aws:policy/AWSElasticBeanstalkWebTier",
                            "policy_arn": "arn:aws:iam::aws:policy/AWSElasticBeanstalkWebTier",
                            "role": "ugdas-beanstalk-instance-role"
                        },
                        "meta": {
                            "schema_version": 0
                        },
                        "tainted": false
                    },
                    "deposed": [],
                    "provider": "provider.aws"
                },
                "aws_iam_role_policy_attachment.tfer--ugdas-beanstalk-service-role_AWSElasticBeanstalkEnhancedHealth": {
                    "type": "aws_iam_role_policy_attachment",
                    "depends_on": [],
                    "primary": {
                        "id": "ugdas-beanstalk-service-role/arn:aws:iam::aws:policy/service-role/AWSElasticBeanstalkEnhancedHealth",
                        "attributes": {
                            "id": "ugdas-beanstalk-service-role/arn:aws:iam::aws:policy/service-role/AWSElasticBeanstalkEnhancedHealth",
                            "policy_arn": "arn:aws:iam::aws:policy/service-role/AWSElasticBeanstalkEnhancedHealth",
                            "role": "ugdas-beanstalk-service-role"
                        },
                        "meta": {
                            "schema_version": 0
                        },
                        "tainted": false
                    },
                    "deposed": [],
                    "provider": "provider.aws"
                },
                "aws_iam_user.tfer--AIDATCKAQ2JZJCYO4MVBJ": {
                    "type": "aws_iam_user",
                    "depends_on": [],
                    "primary": {
                        "id": "ugdas-s3-user",
                        "attributes": {
                            "arn": "arn:aws:iam::211125588594:user/ugdas-s3-user",
                            "force_destroy": "false",
                            "id": "ugdas-s3-user",
                            "name": "ugdas-s3-user",
                            "path": "/",
                            "tags.%": "0",
                            "tags_all.%": "0",
                            "unique_id": "AIDATCKAQ2JZJCYO4MVBJ"
                        },
                        "meta": {
                            "schema_version": 0
                        },
                        "tainted": false
                    },
                    "deposed": [],
                    "provider": "provider.aws"
                },
                "aws_iam_user.tfer--AIDATCKAQ2JZOCBHQFAJU": {
                    "type": "aws_iam_user",
                    "depends_on": [],
                    "primary": {
                        "id": "gitlab-ci-user",
                        "attributes": {
                            "arn": "arn:aws:iam::211125588594:user/gitlab-ci-user",
                            "force_destroy": "false",
                            "id": "gitlab-ci-user",
                            "name": "gitlab-ci-user",
                            "path": "/",
                            "tags.%": "2",
                            "tags.Environment": "prod",
                            "tags.Name": "gitlab-ci-user",
                            "tags_all.%": "2",
                            "tags_all.Environment": "prod",
                            "tags_all.Name": "gitlab-ci-user",
                            "unique_id": "AIDATCKAQ2JZOCBHQFAJU"
                        },
                        "meta": {
                            "schema_version": 0
                        },
                        "tainted": false
                    },
                    "deposed": [],
                    "provider": "provider.aws"
                },
                "aws_iam_user.tfer--AIDATCKAQ2JZPYWHPCDKG": {
                    "type": "aws_iam_user",
                    "depends_on": [],
                    "primary": {
                        "id": "devops",
                        "attributes": {
                            "arn": "arn:aws:iam::211125588594:user/devops",
                            "force_destroy": "false",
                            "id": "devops",
                            "name": "devops",
                            "path": "/",
                            "tags.%": "2",
                            "tags.AKIATCKAQ2JZEUKGNW6M": "vs code",
                            "tags.AKIATCKAQ2JZOZCRAEJW": "terraform",
                            "tags_all.%": "2",
                            "tags_all.AKIATCKAQ2JZEUKGNW6M": "vs code",
                            "tags_all.AKIATCKAQ2JZOZCRAEJW": "terraform",
                            "unique_id": "AIDATCKAQ2JZPYWHPCDKG"
                        },
                        "meta": {
                            "schema_version": 0
                        },
                        "tainted": false
                    },
                    "deposed": [],
                    "provider": "provider.aws"
                },
                "aws_iam_user_group_membership.tfer--devops-002F-devops": {
                    "type": "aws_iam_user_group_membership",
                    "depends_on": [],
                    "primary": {
                        "id": "devops/devops",
                        "attributes": {
                            "groups.#": "1",
                            "groups.0": "devops",
                            "id": "devops/devops",
                            "user": "devops"
                        },
                        "meta": {
                            "schema_version": 0
                        },
                        "tainted": false
                    },
                    "deposed": [],
                    "provider": "provider.aws"
                },
                "aws_iam_user_group_membership.tfer--ugdas-s3-user-002F-ugdas-s3-group": {
                    "type": "aws_iam_user_group_membership",
                    "depends_on": [],
                    "primary": {
                        "id": "ugdas-s3-user/ugdas-s3-group",
                        "attributes": {
                            "groups.#": "1",
                            "groups.0": "ugdas-s3-group",
                            "id": "ugdas-s3-user/ugdas-s3-group",
                            "user": "ugdas-s3-user"
                        },
                        "meta": {
                            "schema_version": 0
                        },
                        "tainted": false
                    },
                    "deposed": [],
                    "provider": "provider.aws"
                },
                "aws_iam_user_policy.tfer--gitlab-ci-user_gitlab-ci-user-policy": {
                    "type": "aws_iam_user_policy",
                    "depends_on": [],
                    "primary": {
                        "id": "gitlab-ci-user:gitlab-ci-user-policy",
                        "attributes": {
                            "id": "gitlab-ci-user:gitlab-ci-user-policy",
                            "name": "gitlab-ci-user-policy",
                            "policy": "{\n  \"Version\": \"2012-10-17\",\n  \"Statement\": [\n    {\n      \"Effect\": \"Allow\",\n      \"Action\": [\n        \"elasticbeanstalk:CreateApplication\",\n        \"elasticbeanstalk:CreateEnvironment\",\n        \"elasticbeanstalk:UpdateEnvironment\",\n        \"elasticbeanstalk:TerminateEnvironment\",\n        \"elasticbeanstalk:DescribeEnvironments\",\n        \"elasticbeanstalk:DescribeApplicationVersions\",\n        \"s3:PutObject\",\n        \"s3:GetObject\",\n        \"s3:ListBucket\",\n        \"iam:ListAccessKeys\"\n      ],\n      \"Resource\": \"*\"\n    }\n  ]\n}\n",
                            "user": "gitlab-ci-user"
                        },
                        "meta": {
                            "schema_version": 0
                        },
                        "tainted": false
                    },
                    "deposed": [],
                    "provider": "provider.aws"
                },
                "aws_iam_user_policy_attachment.tfer--gitlab-ci-user_ecr-policy": {
                    "type": "aws_iam_user_policy_attachment",
                    "depends_on": [],
                    "primary": {
                        "id": "gitlab-ci-user/arn:aws:iam::211125588594:policy/ecr-policy",
                        "attributes": {
                            "id": "gitlab-ci-user/arn:aws:iam::211125588594:policy/ecr-policy",
                            "policy_arn": "arn:aws:iam::211125588594:policy/ecr-policy",
                            "user": "gitlab-ci-user"
                        },
                        "meta": {
                            "schema_version": 0
                        },
                        "tainted": false
                    },
                    "deposed": [],
                    "provider": "provider.aws"
                }
            },
            "depends_on": []
        }
    ]
}
