{
    "version": 3,
    "terraform_version": "0.12.31",
    "serial": 1,
    "lineage": "37c490c5-7fe1-a1d3-39cf-826449cfc786",
    "modules": [
        {
            "path": [
                "root"
            ],
            "outputs": {
                "aws_instance_tfer--i-048a9cfb4c87a89d4_UGDAS-Prod-env_id": {
                    "sensitive": false,
                    "type": "string",
                    "value": "i-048a9cfb4c87a89d4"
                }
            },
            "resources": {
                "aws_instance.tfer--i-048a9cfb4c87a89d4_UGDAS-Prod-env": {
                    "type": "aws_instance",
                    "depends_on": [],
                    "primary": {
                        "id": "i-048a9cfb4c87a89d4",
                        "attributes": {
                            "ami": "ami-0d70d022254abe897",
                            "arn": "arn:aws:ec2:af-south-1:211125588594:instance/i-048a9cfb4c87a89d4",
                            "associate_public_ip_address": "false",
                            "availability_zone": "af-south-1a",
                            "capacity_reservation_specification.#": "1",
                            "capacity_reservation_specification.0.capacity_reservation_preference": "open",
                            "capacity_reservation_specification.0.capacity_reservation_target.#": "0",
                            "cpu_core_count": "1",
                            "cpu_threads_per_core": "2",
                            "credit_specification.#": "1",
                            "credit_specification.0.cpu_credits": "unlimited",
                            "disable_api_termination": "false",
                            "ebs_block_device.#": "0",
                            "ebs_optimized": "false",
                            "enclave_options.#": "1",
                            "enclave_options.0.enabled": "false",
                            "ephemeral_block_device.#": "0",
                            "get_password_data": "false",
                            "hibernation": "false",
                            "iam_instance_profile": "aws-elasticbeanstalk-ec2-role",
                            "id": "i-048a9cfb4c87a89d4",
                            "instance_initiated_shutdown_behavior": "stop",
                            "instance_state": "running",
                            "instance_type": "t3.medium",
                            "ipv6_address_count": "0",
                            "ipv6_addresses.#": "0",
                            "key_name": "",
                            "launch_template.#": "0",
                            "metadata_options.#": "1",
                            "metadata_options.0.http_endpoint": "enabled",
                            "metadata_options.0.http_put_response_hop_limit": "2",
                            "metadata_options.0.http_tokens": "required",
                            "metadata_options.0.instance_metadata_tags": "disabled",
                            "monitoring": "false",
                            "network_interface.#": "0",
                            "outpost_arn": "",
                            "password_data": "",
                            "placement_group": "",
                            "primary_network_interface_id": "eni-08d87a1074c532f86",
                            "private_dns": "ip-10-0-134-159.af-south-1.compute.internal",
                            "private_ip": "10.0.134.159",
                            "public_dns": "",
                            "public_ip": "",
                            "root_block_device.#": "1",
                            "root_block_device.0.delete_on_termination": "true",
                            "root_block_device.0.device_name": "/dev/xvda",
                            "root_block_device.0.encrypted": "false",
                            "root_block_device.0.iops": "100",
                            "root_block_device.0.kms_key_id": "",
                            "root_block_device.0.tags.%": "0",
                            "root_block_device.0.throughput": "0",
                            "root_block_device.0.volume_id": "vol-07c171a55f67d8ea4",
                            "root_block_device.0.volume_size": "8",
                            "root_block_device.0.volume_type": "gp2",
                            "secondary_private_ips.#": "0",
                            "security_groups.#": "0",
                            "source_dest_check": "true",
                            "subnet_id": "subnet-0eba5f448360fb910",
                            "tags.%": "3",
                            "tags.Name": "UGDAS-Prod-env",
                            "tags.elasticbeanstalk:environment-id": "e-nupqmgez3v",
                            "tags.elasticbeanstalk:environment-name": "UGDAS-Prod-env",
                            "tags_all.%": "3",
                            "tags_all.Name": "UGDAS-Prod-env",
                            "tags_all.elasticbeanstalk:environment-id": "e-nupqmgez3v",
                            "tags_all.elasticbeanstalk:environment-name": "UGDAS-Prod-env",
                            "tenancy": "default",
                            "user_data_base64": "Q29udGVudC1UeXBlOiBtdWx0aXBhcnQvbWl4ZWQ7IGJvdW5kYXJ5PSI9PT09PT09PT09PT09PT01MTg5MDY1Mzc3MjIyODk4NDA3PT0iCk1JTUUtVmVyc2lvbjogMS4wCgotLT09PT09PT09PT09PT09PTUxODkwNjUzNzcyMjI4OTg0MDc9PQpDb250ZW50LVR5cGU6IHRleHQvY2xvdWQtY29uZmlnOyBjaGFyc2V0PSJ1cy1hc2NpaSIKTUlNRS1WZXJzaW9uOiAxLjAKQ29udGVudC1UcmFuc2Zlci1FbmNvZGluZzogN2JpdApDb250ZW50LURpc3Bvc2l0aW9uOiBhdHRhY2htZW50OyBmaWxlbmFtZT0iY2xvdWQtY29uZmlnLnR4dCIKCiNjbG91ZC1jb25maWcKcmVwb191cGdyYWRlOiBub25lCnJlcG9fcmVsZWFzZXZlcjogMjAyMy40CmNsb3VkX2ZpbmFsX21vZHVsZXM6CiAtIFtzY3JpcHRzLXVzZXIsIGFsd2F5c10KCi0tPT09PT09PT09PT09PT09NTE4OTA2NTM3NzIyMjg5ODQwNz09CkNvbnRlbnQtVHlwZTogdGV4dC94LXNoZWxsc2NyaXB0OyBjaGFyc2V0PSJ1cy1hc2NpaSIKTUlNRS1WZXJzaW9uOiAxLjAKQ29udGVudC1UcmFuc2Zlci1FbmNvZGluZzogN2JpdApDb250ZW50LURpc3Bvc2l0aW9uOiBhdHRhY2htZW50OyBmaWxlbmFtZT0idXNlci1kYXRhLnR4dCIKCiMhL2Jpbi9iYXNoCmV4ZWMgPiA+KHRlZSAtYSAvdmFyL2xvZy9lYi1jZm4taW5pdC5sb2d8bG9nZ2VyIC10IFtlYi1jZm4taW5pdF0gLXMgMj4vZGV2L2NvbnNvbGUpIDI+JjEKZWNobyBbYGRhdGUgLXUgKyIlWS0lbS0lZFQlSDolTTolU1oiYF0gU3RhcnRlZCBFQiBVc2VyIERhdGEKc2V0IC14CgoKZnVuY3Rpb24gc2xlZXBfZGVsYXkgCnsKICBpZiAoKCAkU0xFRVBfVElNRSA8ICRTTEVFUF9USU1FX01BWCApKTsgdGhlbiAKICAgIGVjaG8gU2xlZXBpbmcgJFNMRUVQX1RJTUUKICAgIHNsZWVwICRTTEVFUF9USU1FICAKICAgIFNMRUVQX1RJTUU9JCgoJFNMRUVQX1RJTUUgKiAyKSkgCiAgZWxzZSAKICAgIGVjaG8gU2xlZXBpbmcgJFNMRUVQX1RJTUVfTUFYICAKICAgIHNsZWVwICRTTEVFUF9USU1FX01BWCAgCiAgZmkKfQoKIyBFeGVjdXRpbmcgYm9vdHN0cmFwIHNjcmlwdApTTEVFUF9USU1FPTIKU0xFRVBfVElNRV9NQVg9MzYwMAp3aGlsZSB0cnVlOyBkbyAKICBjdXJsIGh0dHBzOi8vZWxhc3RpY2JlYW5zdGFsay1wbGF0Zm9ybS1hc3NldHMtYWYtc291dGgtMS5zMy5hZi1zb3V0aC0xLmFtYXpvbmF3cy5jb20vc3RhbGtzL2ViX2Vjc19hbWF6b25fbGludXhfMjAyM18xLjAuNDAwLjBfMjAyNDA1MTMxOTMyMDMvbGliL1VzZXJEYXRhU2NyaXB0LnNoID4gL3RtcC9lYmJvb3RzdHJhcC5zaCAKICBSRVNVTFQ9JD8KICBpZiBbWyAiJFJFU1VMVCIgLW5lIDAgXV07IHRoZW4gCiAgICBzbGVlcF9kZWxheSAKICBlbHNlCiAgICAvYmluL2Jhc2ggL3RtcC9lYmJvb3RzdHJhcC5zaCAgICAgJ2h0dHBzOi8vY2xvdWRmb3JtYXRpb24td2FpdGNvbmRpdGlvbi1hZi1zb3V0aC0xLnMzLmFmLXNvdXRoLTEuYW1hem9uYXdzLmNvbS9hcm4lM0Fhd3MlM0FjbG91ZGZvcm1hdGlvbiUzQWFmLXNvdXRoLTElM0EyMTExMjU1ODg1OTQlM0FzdGFjay9hd3NlYi1lLW51cHFtZ2V6M3Ytc3RhY2svOTlkOGEyNzAtMWQwOC0xMWVmLTlkOGEtMDZmMzJiMTMxZmM0Lzk5ZGEyOTEwLTFkMDgtMTFlZi05ZDhhLTA2ZjMyYjEzMWZjNC9BV1NFQkluc3RhbmNlTGF1bmNoV2FpdEhhbmRsZT9YLUFtei1BbGdvcml0aG09QVdTNC1ITUFDLVNIQTI1NiZYLUFtei1EYXRlPTIwMjQwNTI4VDE1NDAyN1omWC1BbXotU2lnbmVkSGVhZGVycz1ob3N0JlgtQW16LUV4cGlyZXM9ODYzOTkmWC1BbXotQ3JlZGVudGlhbD1BS0lBNU40V0RBWTdURUtPWFpaNCUyRjIwMjQwNTI4JTJGYWYtc291dGgtMSUyRnMzJTJGYXdzNF9yZXF1ZXN0JlgtQW16LVNpZ25hdHVyZT03MjFiMTdmNTdkYjQzZWQ4ODZlMDVmYmZjOWI2Y2JmZjVjMDUxNzI5ZmFkZGNkZjgxMmRlNzQ1OTcwYjYwOWFjJyAgICAnYXJuOmF3czpjbG91ZGZvcm1hdGlvbjphZi1zb3V0aC0xOjIxMTEyNTU4ODU5NDpzdGFjay9hd3NlYi1lLW51cHFtZ2V6M3Ytc3RhY2svOTlkOGEyNzAtMWQwOC0xMWVmLTlkOGEtMDZmMzJiMTMxZmM0JyAgICAnNzQxMzE0NDktNWMyZi00NTI1LWJmY2EtZWQzZTQ0ZjExY2Y0JyAgICAnaHR0cHM6Ly9lbGFzdGljYmVhbnN0YWxrLWhlYWx0aC5hZi1zb3V0aC0xLmFtYXpvbmF3cy5jb20nICAgICcnICAgICdodHRwczovL2VsYXN0aWNiZWFuc3RhbGstcGxhdGZvcm0tYXNzZXRzLWFmLXNvdXRoLTEuczMuYWYtc291dGgtMS5hbWF6b25hd3MuY29tL3N0YWxrcy9lYl9lY3NfYW1hem9uX2xpbnV4XzIwMjNfMS4wLjQwMC4wXzIwMjQwNTEzMTkzMjAzJyAgICAnYWYtc291dGgtMScKICAgIFJFU1VMVD0kPwogICAgaWYgW1sgIiRSRVNVTFQiIC1uZSAwIF1dOyB0aGVuIAogICAgICBzbGVlcF9kZWxheSAKICAgIGVsc2UgCiAgICAgIGV4aXQgMCAgCiAgICBmaSAKICBmaSAKZG9uZQoKLS09PT09PT09PT09PT09PT01MTg5MDY1Mzc3MjIyODk4NDA3PT0tLSA=",
                            "vpc_security_group_ids.#": "1",
                            "vpc_security_group_ids.0": "sg-0607b5e6323e002bb"
                        },
                        "meta": {
                            "schema_version": 1
                        },
                        "tainted": false
                    },
                    "deposed": [],
                    "provider": "provider.aws"
                }
            },
            "depends_on": []
        }
    ]
}
