{
    "version": 3,
    "terraform_version": "0.12.31",
    "serial": 1,
    "lineage": "56ec612f-c9a6-480e-f16a-3de26934a5a1",
    "modules": [
        {
            "path": [
                "root"
            ],
            "outputs": {
                "aws_lb_listener_tfer--arn-003A-aws-003A-elasticloadbalancing-003A-af-south-1-003A-211125588594-003A-listener-002F-app-002F-awseb--AWSEB-yHaL3qfolzWi-002F-e511ac1e2da8e173-002F-61b318731c134417_id": {
                    "sensitive": false,
                    "type": "string",
                    "value": "arn:aws:elasticloadbalancing:af-south-1:211125588594:listener/app/awseb--AWSEB-yHaL3qfolzWi/e511ac1e2da8e173/61b318731c134417"
                },
                "aws_lb_target_group_attachment_tfer--arn-003A-aws-003A-elasticloadbalancing-003A-af-south-1-003A-211125588594-003A-targetgroup-002F-awseb-AWSEB-RBAOHTTPJP48-002F-2d6ad47a9d4b1e74-i-048a9cfb4c87a89d4_id": {
                    "sensitive": false,
                    "type": "string",
                    "value": "arn:aws:elasticloadbalancing:af-south-1:211125588594:targetgroup/awseb-AWSEB-RBAOHTTPJP48/2d6ad47a9d4b1e74-i-048a9cfb4c87a89d4"
                },
                "aws_lb_target_group_tfer--awseb-AWSEB-RBAOHTTPJP48_id": {
                    "sensitive": false,
                    "type": "string",
                    "value": "arn:aws:elasticloadbalancing:af-south-1:211125588594:targetgroup/awseb-AWSEB-RBAOHTTPJP48/2d6ad47a9d4b1e74"
                },
                "aws_lb_tfer--awseb--AWSEB-yHaL3qfolzWi_id": {
                    "sensitive": false,
                    "type": "string",
                    "value": "arn:aws:elasticloadbalancing:af-south-1:211125588594:loadbalancer/app/awseb--AWSEB-yHaL3qfolzWi/e511ac1e2da8e173"
                }
            },
            "resources": {
                "aws_lb.tfer--awseb--AWSEB-yHaL3qfolzWi": {
                    "type": "aws_lb",
                    "depends_on": [],
                    "primary": {
                        "id": "arn:aws:elasticloadbalancing:af-south-1:211125588594:loadbalancer/app/awseb--AWSEB-yHaL3qfolzWi/e511ac1e2da8e173",
                        "attributes": {
                            "access_logs.#": "1",
                            "access_logs.0.bucket": "",
                            "access_logs.0.enabled": "false",
                            "access_logs.0.prefix": "",
                            "arn": "arn:aws:elasticloadbalancing:af-south-1:211125588594:loadbalancer/app/awseb--AWSEB-yHaL3qfolzWi/e511ac1e2da8e173",
                            "arn_suffix": "app/awseb--AWSEB-yHaL3qfolzWi/e511ac1e2da8e173",
                            "customer_owned_ipv4_pool": "",
                            "desync_mitigation_mode": "defensive",
                            "dns_name": "awseb--AWSEB-yHaL3qfolzWi-113093125.af-south-1.elb.amazonaws.com",
                            "drop_invalid_header_fields": "false",
                            "enable_cross_zone_load_balancing": "true",
                            "enable_deletion_protection": "false",
                            "enable_http2": "true",
                            "enable_waf_fail_open": "false",
                            "id": "arn:aws:elasticloadbalancing:af-south-1:211125588594:loadbalancer/app/awseb--AWSEB-yHaL3qfolzWi/e511ac1e2da8e173",
                            "idle_timeout": "60",
                            "internal": "false",
                            "ip_address_type": "ipv4",
                            "load_balancer_type": "application",
                            "name": "awseb--AWSEB-yHaL3qfolzWi",
                            "security_groups.#": "1",
                            "security_groups.0": "sg-07c18d74b54a1ee75",
                            "subnet_mapping.#": "2",
                            "subnet_mapping.0.allocation_id": "",
                            "subnet_mapping.0.ipv6_address": "",
                            "subnet_mapping.0.outpost_id": "",
                            "subnet_mapping.0.private_ipv4_address": "",
                            "subnet_mapping.0.subnet_id": "subnet-0129d756b8a499f89",
                            "subnet_mapping.1.allocation_id": "",
                            "subnet_mapping.1.ipv6_address": "",
                            "subnet_mapping.1.outpost_id": "",
                            "subnet_mapping.1.private_ipv4_address": "",
                            "subnet_mapping.1.subnet_id": "subnet-0a14bbedbd9af72ec",
                            "subnets.#": "2",
                            "subnets.0": "subnet-0129d756b8a499f89",
                            "subnets.1": "subnet-0a14bbedbd9af72ec",
                            "tags.%": "3",
                            "tags.Name": "UGDAS-Prod-env",
                            "tags.elasticbeanstalk:environment-id": "e-nupqmgez3v",
                            "tags.elasticbeanstalk:environment-name": "UGDAS-Prod-env",
                            "tags_all.%": "3",
                            "tags_all.Name": "UGDAS-Prod-env",
                            "tags_all.elasticbeanstalk:environment-id": "e-nupqmgez3v",
                            "tags_all.elasticbeanstalk:environment-name": "UGDAS-Prod-env",
                            "vpc_id": "vpc-01b1f51ad054cb9ab",
                            "zone_id": "Z268VQBMOI5EKX"
                        },
                        "meta": {
                            "schema_version": 0
                        },
                        "tainted": false
                    },
                    "deposed": [],
                    "provider": "provider.aws"
                },
                "aws_lb_listener.tfer--arn-003A-aws-003A-elasticloadbalancing-003A-af-south-1-003A-211125588594-003A-listener-002F-app-002F-awseb--AWSEB-yHaL3qfolzWi-002F-e511ac1e2da8e173-002F-61b318731c134417": {
                    "type": "aws_lb_listener",
                    "depends_on": [],
                    "primary": {
                        "id": "arn:aws:elasticloadbalancing:af-south-1:211125588594:listener/app/awseb--AWSEB-yHaL3qfolzWi/e511ac1e2da8e173/61b318731c134417",
                        "attributes": {
                            "arn": "arn:aws:elasticloadbalancing:af-south-1:211125588594:listener/app/awseb--AWSEB-yHaL3qfolzWi/e511ac1e2da8e173/61b318731c134417",
                            "default_action.#": "1",
                            "default_action.0.authenticate_cognito.#": "0",
                            "default_action.0.authenticate_oidc.#": "0",
                            "default_action.0.fixed_response.#": "0",
                            "default_action.0.forward.#": "0",
                            "default_action.0.order": "0",
                            "default_action.0.redirect.#": "0",
                            "default_action.0.target_group_arn": "arn:aws:elasticloadbalancing:af-south-1:211125588594:targetgroup/awseb-AWSEB-RBAOHTTPJP48/2d6ad47a9d4b1e74",
                            "default_action.0.type": "forward",
                            "id": "arn:aws:elasticloadbalancing:af-south-1:211125588594:listener/app/awseb--AWSEB-yHaL3qfolzWi/e511ac1e2da8e173/61b318731c134417",
                            "load_balancer_arn": "arn:aws:elasticloadbalancing:af-south-1:211125588594:loadbalancer/app/awseb--AWSEB-yHaL3qfolzWi/e511ac1e2da8e173",
                            "port": "80",
                            "protocol": "HTTP",
                            "ssl_policy": "",
                            "tags.%": "0",
                            "tags_all.%": "0"
                        },
                        "meta": {
                            "schema_version": 0
                        },
                        "tainted": false
                    },
                    "deposed": [],
                    "provider": "provider.aws"
                },
                "aws_lb_target_group.tfer--awseb-AWSEB-RBAOHTTPJP48": {
                    "type": "aws_lb_target_group",
                    "depends_on": [],
                    "primary": {
                        "id": "arn:aws:elasticloadbalancing:af-south-1:211125588594:targetgroup/awseb-AWSEB-RBAOHTTPJP48/2d6ad47a9d4b1e74",
                        "attributes": {
                            "arn": "arn:aws:elasticloadbalancing:af-south-1:211125588594:targetgroup/awseb-AWSEB-RBAOHTTPJP48/2d6ad47a9d4b1e74",
                            "arn_suffix": "targetgroup/awseb-AWSEB-RBAOHTTPJP48/2d6ad47a9d4b1e74",
                            "deregistration_delay": "20",
                            "health_check.#": "1",
                            "health_check.0.enabled": "true",
                            "health_check.0.healthy_threshold": "3",
                            "health_check.0.interval": "15",
                            "health_check.0.matcher": "200",
                            "health_check.0.path": "/",
                            "health_check.0.port": "traffic-port",
                            "health_check.0.protocol": "HTTP",
                            "health_check.0.timeout": "5",
                            "health_check.0.unhealthy_threshold": "5",
                            "id": "arn:aws:elasticloadbalancing:af-south-1:211125588594:targetgroup/awseb-AWSEB-RBAOHTTPJP48/2d6ad47a9d4b1e74",
                            "load_balancing_algorithm_type": "round_robin",
                            "name": "awseb-AWSEB-RBAOHTTPJP48",
                            "port": "80",
                            "protocol": "HTTP",
                            "protocol_version": "HTTP1",
                            "slow_start": "0",
                            "stickiness.#": "1",
                            "stickiness.0.cookie_duration": "86400",
                            "stickiness.0.cookie_name": "",
                            "stickiness.0.enabled": "false",
                            "stickiness.0.type": "lb_cookie",
                            "tags.%": "3",
                            "tags.Name": "UGDAS-Prod-env",
                            "tags.elasticbeanstalk:environment-id": "e-nupqmgez3v",
                            "tags.elasticbeanstalk:environment-name": "UGDAS-Prod-env",
                            "tags_all.%": "3",
                            "tags_all.Name": "UGDAS-Prod-env",
                            "tags_all.elasticbeanstalk:environment-id": "e-nupqmgez3v",
                            "tags_all.elasticbeanstalk:environment-name": "UGDAS-Prod-env",
                            "target_type": "instance",
                            "vpc_id": "vpc-01b1f51ad054cb9ab"
                        },
                        "meta": {
                            "schema_version": 0
                        },
                        "tainted": false
                    },
                    "deposed": [],
                    "provider": "provider.aws"
                },
                "aws_lb_target_group_attachment.tfer--arn-003A-aws-003A-elasticloadbalancing-003A-af-south-1-003A-211125588594-003A-targetgroup-002F-awseb-AWSEB-RBAOHTTPJP48-002F-2d6ad47a9d4b1e74-i-048a9cfb4c87a89d4": {
                    "type": "aws_lb_target_group_attachment",
                    "depends_on": [],
                    "primary": {
                        "id": "arn:aws:elasticloadbalancing:af-south-1:211125588594:targetgroup/awseb-AWSEB-RBAOHTTPJP48/2d6ad47a9d4b1e74-i-048a9cfb4c87a89d4",
                        "attributes": {
                            "id": "arn:aws:elasticloadbalancing:af-south-1:211125588594:targetgroup/awseb-AWSEB-RBAOHTTPJP48/2d6ad47a9d4b1e74-i-048a9cfb4c87a89d4",
                            "target_group_arn": "arn:aws:elasticloadbalancing:af-south-1:211125588594:targetgroup/awseb-AWSEB-RBAOHTTPJP48/2d6ad47a9d4b1e74",
                            "target_id": "i-048a9cfb4c87a89d4"
                        },
                        "meta": {
                            "schema_version": 0
                        },
                        "tainted": false
                    },
                    "deposed": [],
                    "provider": "provider.aws"
                }
            },
            "depends_on": []
        }
    ]
}
